// !$*UTF8*$!
{
	archiveVersion = 1;
	classes = {
	};
	objectVersion = 46;
	objects = {

/* Begin PBXBuildFile section */
		521C14281DC6DB6C00CD78B3 /* MJRefreshAutoFooter.m in Sources */ = {isa = PBXBuildFile; fileRef = 521C13FC1DC6DB6C00CD78B3 /* MJRefreshAutoFooter.m */; };
		521C14291DC6DB6C00CD78B3 /* MJRefreshBackFooter.m in Sources */ = {isa = PBXBuildFile; fileRef = 521C13FE1DC6DB6C00CD78B3 /* MJRefreshBackFooter.m */; };
		521C142A1DC6DB6C00CD78B3 /* MJRefreshComponent.m in Sources */ = {isa = PBXBuildFile; fileRef = 521C14001DC6DB6C00CD78B3 /* MJRefreshComponent.m */; };
		521C142B1DC6DB6C00CD78B3 /* MJRefreshFooter.m in Sources */ = {isa = PBXBuildFile; fileRef = 521C14021DC6DB6C00CD78B3 /* MJRefreshFooter.m */; };
		521C142C1DC6DB6C00CD78B3 /* MJRefreshHeader.m in Sources */ = {isa = PBXBuildFile; fileRef = 521C14041DC6DB6C00CD78B3 /* MJRefreshHeader.m */; };
		521C142D1DC6DB6C00CD78B3 /* MJRefreshAutoGifFooter.m in Sources */ = {isa = PBXBuildFile; fileRef = 521C14091DC6DB6C00CD78B3 /* MJRefreshAutoGifFooter.m */; };
		521C142E1DC6DB6C00CD78B3 /* MJRefreshAutoNormalFooter.m in Sources */ = {isa = PBXBuildFile; fileRef = 521C140B1DC6DB6C00CD78B3 /* MJRefreshAutoNormalFooter.m */; };
		521C142F1DC6DB6C00CD78B3 /* MJRefreshAutoStateFooter.m in Sources */ = {isa = PBXBuildFile; fileRef = 521C140D1DC6DB6C00CD78B3 /* MJRefreshAutoStateFooter.m */; };
		521C14301DC6DB6C00CD78B3 /* MJRefreshBackGifFooter.m in Sources */ = {isa = PBXBuildFile; fileRef = 521C14101DC6DB6C00CD78B3 /* MJRefreshBackGifFooter.m */; };
		521C14311DC6DB6C00CD78B3 /* MJRefreshBackNormalFooter.m in Sources */ = {isa = PBXBuildFile; fileRef = 521C14121DC6DB6C00CD78B3 /* MJRefreshBackNormalFooter.m */; };
		521C14321DC6DB6C00CD78B3 /* MJRefreshBackStateFooter.m in Sources */ = {isa = PBXBuildFile; fileRef = 521C14141DC6DB6C00CD78B3 /* MJRefreshBackStateFooter.m */; };
		521C14331DC6DB6C00CD78B3 /* MJRefreshGifHeader.m in Sources */ = {isa = PBXBuildFile; fileRef = 521C14171DC6DB6C00CD78B3 /* MJRefreshGifHeader.m */; };
		521C14341DC6DB6C00CD78B3 /* MJRefreshNormalHeader.m in Sources */ = {isa = PBXBuildFile; fileRef = 521C14191DC6DB6C00CD78B3 /* MJRefreshNormalHeader.m */; };
		521C14351DC6DB6C00CD78B3 /* MJRefreshStateHeader.m in Sources */ = {isa = PBXBuildFile; fileRef = 521C141B1DC6DB6C00CD78B3 /* MJRefreshStateHeader.m */; };
		521C14361DC6DB6C00CD78B3 /* MJRefresh.bundle in Resources */ = {isa = PBXBuildFile; fileRef = 521C141C1DC6DB6C00CD78B3 /* MJRefresh.bundle */; };
		521C14371DC6DB6C00CD78B3 /* MJRefreshConst.m in Sources */ = {isa = PBXBuildFile; fileRef = 521C141F1DC6DB6C00CD78B3 /* MJRefreshConst.m */; };
		521C14381DC6DB6C00CD78B3 /* NSBundle+MJRefresh.m in Sources */ = {isa = PBXBuildFile; fileRef = 521C14211DC6DB6C00CD78B3 /* NSBundle+MJRefresh.m */; };
		521C14391DC6DB6C00CD78B3 /* UIScrollView+MJExtension.m in Sources */ = {isa = PBXBuildFile; fileRef = 521C14231DC6DB6C00CD78B3 /* UIScrollView+MJExtension.m */; };
		521C143A1DC6DB6C00CD78B3 /* UIScrollView+MJRefresh.m in Sources */ = {isa = PBXBuildFile; fileRef = 521C14251DC6DB6C00CD78B3 /* UIScrollView+MJRefresh.m */; };
		521C143B1DC6DB6C00CD78B3 /* UIView+MJExtension.m in Sources */ = {isa = PBXBuildFile; fileRef = 521C14271DC6DB6C00CD78B3 /* UIView+MJExtension.m */; };
		5236E2601DD0475900D8B1B1 /* WBBlockViewController.m in Sources */ = {isa = PBXBuildFile; fileRef = 5236E25F1DD0475900D8B1B1 /* WBBlockViewController.m */; };
		5236E2631DD0508A00D8B1B1 /* WBBlockView.m in Sources */ = {isa = PBXBuildFile; fileRef = 5236E2621DD0508A00D8B1B1 /* WBBlockView.m */; };
		527F32E41DC33B420023F4B7 /* ListViewController.m in Sources */ = {isa = PBXBuildFile; fileRef = 527F32E31DC33B420023F4B7 /* ListViewController.m */; };
		527F32E71DC33B570023F4B7 /* ListTableViewCell.m in Sources */ = {isa = PBXBuildFile; fileRef = 527F32E61DC33B570023F4B7 /* ListTableViewCell.m */; };
		527F32EA1DC33B630023F4B7 /* ListModel.m in Sources */ = {isa = PBXBuildFile; fileRef = 527F32E91DC33B630023F4B7 /* ListModel.m */; };
		527F32F01DC342900023F4B7 /* WBImageBrowserCell.m in Sources */ = {isa = PBXBuildFile; fileRef = 527F32EC1DC342900023F4B7 /* WBImageBrowserCell.m */; };
		527F32F11DC342900023F4B7 /* WBImageBrowserCell.xib in Resources */ = {isa = PBXBuildFile; fileRef = 527F32ED1DC342900023F4B7 /* WBImageBrowserCell.xib */; };
		527F32F21DC342900023F4B7 /* WBImageBrowserView.m in Sources */ = {isa = PBXBuildFile; fileRef = 527F32EF1DC342900023F4B7 /* WBImageBrowserView.m */; };
		527F32F71DC343E80023F4B7 /* ProgressHUD.bundle in Resources */ = {isa = PBXBuildFile; fileRef = 527F32F41DC343E80023F4B7 /* ProgressHUD.bundle */; };
		527F32F81DC343E80023F4B7 /* ProgressHUD.m in Sources */ = {isa = PBXBuildFile; fileRef = 527F32F61DC343E80023F4B7 /* ProgressHUD.m */; };
		527F32FB1DC344D00023F4B7 /* WBImageBrowserViewController.m in Sources */ = {isa = PBXBuildFile; fileRef = 527F32FA1DC344D00023F4B7 /* WBImageBrowserViewController.m */; };
		5287A1CC1DE6813900797608 /* AFHTTPSessionManager.m in Sources */ = {isa = PBXBuildFile; fileRef = 5287A1C01DE6813900797608 /* AFHTTPSessionManager.m */; };
		5287A1CD1DE6813900797608 /* AFNetworkReachabilityManager.m in Sources */ = {isa = PBXBuildFile; fileRef = 5287A1C31DE6813900797608 /* AFNetworkReachabilityManager.m */; };
		5287A1CE1DE6813900797608 /* AFSecurityPolicy.m in Sources */ = {isa = PBXBuildFile; fileRef = 5287A1C51DE6813900797608 /* AFSecurityPolicy.m */; };
		5287A1CF1DE6813900797608 /* AFURLRequestSerialization.m in Sources */ = {isa = PBXBuildFile; fileRef = 5287A1C71DE6813900797608 /* AFURLRequestSerialization.m */; };
		5287A1D01DE6813900797608 /* AFURLResponseSerialization.m in Sources */ = {isa = PBXBuildFile; fileRef = 5287A1C91DE6813900797608 /* AFURLResponseSerialization.m */; };
		5287A1D11DE6813900797608 /* AFURLSessionManager.m in Sources */ = {isa = PBXBuildFile; fileRef = 5287A1CB1DE6813900797608 /* AFURLSessionManager.m */; };
		52A4DB461DAF6FF70034254C /* main.m in Sources */ = {isa = PBXBuildFile; fileRef = 52A4DB451DAF6FF70034254C /* main.m */; };
		52A4DB491DAF6FF70034254C /* AppDelegate.m in Sources */ = {isa = PBXBuildFile; fileRef = 52A4DB481DAF6FF70034254C /* AppDelegate.m */; };
		52A4DB511DAF6FF70034254C /* Assets.xcassets in Resources */ = {isa = PBXBuildFile; fileRef = 52A4DB501DAF6FF70034254C /* Assets.xcassets */; };
		52A4DB541DAF6FF70034254C /* LaunchScreen.storyboard in Resources */ = {isa = PBXBuildFile; fileRef = 52A4DB521DAF6FF70034254C /* LaunchScreen.storyboard */; };
		52A4DB5D1DAF707A0034254C /* MenuViewController.m in Sources */ = {isa = PBXBuildFile; fileRef = 52A4DB5C1DAF707A0034254C /* MenuViewController.m */; };
		52A4DB671DAF7C7D0034254C /* WBAlertViewController.m in Sources */ = {isa = PBXBuildFile; fileRef = 52A4DB661DAF7C7D0034254C /* WBAlertViewController.m */; };
		52A4DB6A1DAF7E5E0034254C /* WBAlertView.m in Sources */ = {isa = PBXBuildFile; fileRef = 52A4DB691DAF7E5E0034254C /* WBAlertView.m */; };
		52AA5D831DF00E9A00452A35 /* WBTableViewCell.swift in Sources */ = {isa = PBXBuildFile; fileRef = 52AA5D821DF00E9A00452A35 /* WBTableViewCell.swift */; };
		52B0BB0D1DC337940068B412 /* Info.plist in Resources */ = {isa = PBXBuildFile; fileRef = 52B0BACA1DC337940068B412 /* Info.plist */; };
		52B0BB0E1DC337940068B412 /* MJExtensionConst.m in Sources */ = {isa = PBXBuildFile; fileRef = 52B0BACD1DC337940068B412 /* MJExtensionConst.m */; };
		52B0BB0F1DC337940068B412 /* MJFoundation.m in Sources */ = {isa = PBXBuildFile; fileRef = 52B0BACF1DC337940068B412 /* MJFoundation.m */; };
		52B0BB101DC337940068B412 /* MJProperty.m in Sources */ = {isa = PBXBuildFile; fileRef = 52B0BAD11DC337940068B412 /* MJProperty.m */; };
		52B0BB111DC337940068B412 /* MJPropertyKey.m in Sources */ = {isa = PBXBuildFile; fileRef = 52B0BAD31DC337940068B412 /* MJPropertyKey.m */; };
		52B0BB121DC337940068B412 /* MJPropertyType.m in Sources */ = {isa = PBXBuildFile; fileRef = 52B0BAD51DC337940068B412 /* MJPropertyType.m */; };
		52B0BB131DC337940068B412 /* NSObject+MJClass.m in Sources */ = {isa = PBXBuildFile; fileRef = 52B0BAD71DC337940068B412 /* NSObject+MJClass.m */; };
		52B0BB141DC337940068B412 /* NSObject+MJCoding.m in Sources */ = {isa = PBXBuildFile; fileRef = 52B0BAD91DC337940068B412 /* NSObject+MJCoding.m */; };
		52B0BB151DC337940068B412 /* NSObject+MJKeyValue.m in Sources */ = {isa = PBXBuildFile; fileRef = 52B0BADB1DC337940068B412 /* NSObject+MJKeyValue.m */; };
		52B0BB161DC337940068B412 /* NSObject+MJProperty.m in Sources */ = {isa = PBXBuildFile; fileRef = 52B0BADD1DC337940068B412 /* NSObject+MJProperty.m */; };
		52B0BB171DC337940068B412 /* NSString+MJExtension.m in Sources */ = {isa = PBXBuildFile; fileRef = 52B0BADF1DC337940068B412 /* NSString+MJExtension.m */; };
		52B0BB2D1DC339DB0068B412 /* RequestManager.m in Sources */ = {isa = PBXBuildFile; fileRef = 52B0BB2C1DC339DB0068B412 /* RequestManager.m */; };
		52C2D9AC1DE54376003A80B3 /* WBNetwork.swift in Sources */ = {isa = PBXBuildFile; fileRef = 52C2D9AB1DE54376003A80B3 /* WBNetwork.swift */; };
		52C95B241DC03C0F0073D90A /* WBFullScreenImage.m in Sources */ = {isa = PBXBuildFile; fileRef = 52C95B231DC03C0F0073D90A /* WBFullScreenImage.m */; };
		52C95B421DC03C6A0073D90A /* NSData+GIF.m in Sources */ = {isa = PBXBuildFile; fileRef = 52C95B281DC03C6A0073D90A /* NSData+GIF.m */; };
		52C95B431DC03C6A0073D90A /* NSData+ImageContentType.m in Sources */ = {isa = PBXBuildFile; fileRef = 52C95B2A1DC03C6A0073D90A /* NSData+ImageContentType.m */; };
		52C95B441DC03C6A0073D90A /* SDImageCache.m in Sources */ = {isa = PBXBuildFile; fileRef = 52C95B2C1DC03C6A0073D90A /* SDImageCache.m */; };
		52C95B451DC03C6A0073D90A /* SDWebImageCompat.m in Sources */ = {isa = PBXBuildFile; fileRef = 52C95B2E1DC03C6A0073D90A /* SDWebImageCompat.m */; };
		52C95B461DC03C6A0073D90A /* SDWebImageDecoder.m in Sources */ = {isa = PBXBuildFile; fileRef = 52C95B301DC03C6A0073D90A /* SDWebImageDecoder.m */; };
		52C95B471DC03C6A0073D90A /* SDWebImageDownloader.m in Sources */ = {isa = PBXBuildFile; fileRef = 52C95B321DC03C6A0073D90A /* SDWebImageDownloader.m */; };
		52C95B481DC03C6A0073D90A /* SDWebImageDownloaderOperation.m in Sources */ = {isa = PBXBuildFile; fileRef = 52C95B341DC03C6A0073D90A /* SDWebImageDownloaderOperation.m */; };
		52C95B491DC03C6A0073D90A /* SDWebImageManager.m in Sources */ = {isa = PBXBuildFile; fileRef = 52C95B361DC03C6A0073D90A /* SDWebImageManager.m */; };
		52C95B4A1DC03C6A0073D90A /* SDWebImagePrefetcher.m in Sources */ = {isa = PBXBuildFile; fileRef = 52C95B391DC03C6A0073D90A /* SDWebImagePrefetcher.m */; };
		52C95B4B1DC03C6A0073D90A /* UIButton+WebCache.m in Sources */ = {isa = PBXBuildFile; fileRef = 52C95B3B1DC03C6A0073D90A /* UIButton+WebCache.m */; };
		52C95B4C1DC03C6A0073D90A /* UIImage+GIF.m in Sources */ = {isa = PBXBuildFile; fileRef = 52C95B3D1DC03C6A0073D90A /* UIImage+GIF.m */; };
		52C95B4D1DC03C6A0073D90A /* UIImage+MultiFormat.m in Sources */ = {isa = PBXBuildFile; fileRef = 52C95B3F1DC03C6A0073D90A /* UIImage+MultiFormat.m */; };
		52C95B4E1DC03C6A0073D90A /* UIImageView+WebCache.m in Sources */ = {isa = PBXBuildFile; fileRef = 52C95B411DC03C6A0073D90A /* UIImageView+WebCache.m */; };
		52C95B511DC03D7F0073D90A /* WBFullScreenImageViewController.m in Sources */ = {isa = PBXBuildFile; fileRef = 52C95B501DC03D7F0073D90A /* WBFullScreenImageViewController.m */; };
		52C95B531DC03EB50073D90A /* test.png in Resources */ = {isa = PBXBuildFile; fileRef = 52C95B521DC03EB50073D90A /* test.png */; };
		52C95B861DC043240073D90A /* WBDropDownMenu.m in Sources */ = {isa = PBXBuildFile; fileRef = 52C95B7D1DC043240073D90A /* WBDropDownMenu.m */; };
		52C95B9F1DC0445A0073D90A /* bei1.png in Resources */ = {isa = PBXBuildFile; fileRef = 52C95B891DC0445A0073D90A /* bei1.png */; };
		52C95BA01DC0445A0073D90A /* bei10.png in Resources */ = {isa = PBXBuildFile; fileRef = 52C95B8A1DC0445A0073D90A /* bei10.png */; };
		52C95BA11DC0445A0073D90A /* bei11.png in Resources */ = {isa = PBXBuildFile; fileRef = 52C95B8B1DC0445A0073D90A /* bei11.png */; };
		52C95BA21DC0445A0073D90A /* bei12.png in Resources */ = {isa = PBXBuildFile; fileRef = 52C95B8C1DC0445A0073D90A /* bei12.png */; };
		52C95BA31DC0445A0073D90A /* bei2.png in Resources */ = {isa = PBXBuildFile; fileRef = 52C95B8D1DC0445A0073D90A /* bei2.png */; };
		52C95BA41DC0445A0073D90A /* bei3.png in Resources */ = {isa = PBXBuildFile; fileRef = 52C95B8E1DC0445A0073D90A /* bei3.png */; };
		52C95BA51DC0445A0073D90A /* bei4.png in Resources */ = {isa = PBXBuildFile; fileRef = 52C95B8F1DC0445A0073D90A /* bei4.png */; };
		52C95BA61DC0445A0073D90A /* bei5.png in Resources */ = {isa = PBXBuildFile; fileRef = 52C95B901DC0445A0073D90A /* bei5.png */; };
		52C95BA71DC0445A0073D90A /* bei6.png in Resources */ = {isa = PBXBuildFile; fileRef = 52C95B911DC0445A0073D90A /* bei6.png */; };
		52C95BA81DC0445A0073D90A /* bei7.png in Resources */ = {isa = PBXBuildFile; fileRef = 52C95B921DC0445A0073D90A /* bei7.png */; };
		52C95BA91DC0445A0073D90A /* bei8.png in Resources */ = {isa = PBXBuildFile; fileRef = 52C95B931DC0445A0073D90A /* bei8.png */; };
		52C95BAA1DC0445A0073D90A /* bei9.png in Resources */ = {isa = PBXBuildFile; fileRef = 52C95B941DC0445A0073D90A /* bei9.png */; };
		52C95BAB1DC0445A0073D90A /* beibei1.png in Resources */ = {isa = PBXBuildFile; fileRef = 52C95B951DC0445A0073D90A /* beibei1.png */; };
		52C95BAC1DC0445A0073D90A /* beibei2.png in Resources */ = {isa = PBXBuildFile; fileRef = 52C95B961DC0445A0073D90A /* beibei2.png */; };
		52C95BAD1DC0445A0073D90A /* beibei3.png in Resources */ = {isa = PBXBuildFile; fileRef = 52C95B971DC0445A0073D90A /* beibei3.png */; };
		52C95BAE1DC0445A0073D90A /* beibei4.png in Resources */ = {isa = PBXBuildFile; fileRef = 52C95B981DC0445A0073D90A /* beibei4.png */; };
		52C95BAF1DC0445A0073D90A /* beibei5.png in Resources */ = {isa = PBXBuildFile; fileRef = 52C95B991DC0445A0073D90A /* beibei5.png */; };
		52C95BB01DC0445A0073D90A /* beibei6.png in Resources */ = {isa = PBXBuildFile; fileRef = 52C95B9A1DC0445A0073D90A /* beibei6.png */; };
		52C95BB11DC0445A0073D90A /* beibei7.png in Resources */ = {isa = PBXBuildFile; fileRef = 52C95B9B1DC0445A0073D90A /* beibei7.png */; };
		52C95BB21DC0445A0073D90A /* beibei8.png in Resources */ = {isa = PBXBuildFile; fileRef = 52C95B9C1DC0445A0073D90A /* beibei8.png */; };
		52C95BB31DC0445A0073D90A /* beibei9.png in Resources */ = {isa = PBXBuildFile; fileRef = 52C95B9D1DC0445A0073D90A /* beibei9.png */; };
		52C95BB41DC0445A0073D90A /* loadfailed.png in Resources */ = {isa = PBXBuildFile; fileRef = 52C95B9E1DC0445A0073D90A /* loadfailed.png */; };
		52C95BBE1DC044760073D90A /* arrow_down_icon@2x.png in Resources */ = {isa = PBXBuildFile; fileRef = 52C95BB61DC044760073D90A /* arrow_down_icon@2x.png */; };
		52C95BBF1DC044760073D90A /* arrow_down_icon@3x.png in Resources */ = {isa = PBXBuildFile; fileRef = 52C95BB71DC044760073D90A /* arrow_down_icon@3x.png */; };
		52C95BC01DC044760073D90A /* arrow_down_icon_write@3x.png in Resources */ = {isa = PBXBuildFile; fileRef = 52C95BB81DC044760073D90A /* arrow_down_icon_write@3x.png */; };
		52C95BC11DC044760073D90A /* arrow_down_icon_wtire@2x.png in Resources */ = {isa = PBXBuildFile; fileRef = 52C95BB91DC044760073D90A /* arrow_down_icon_wtire@2x.png */; };
		52C95BC21DC044760073D90A /* arrow_up_icon@2x.png in Resources */ = {isa = PBXBuildFile; fileRef = 52C95BBA1DC044760073D90A /* arrow_up_icon@2x.png */; };
		52C95BC31DC044760073D90A /* arrow_up_icon@3x.png in Resources */ = {isa = PBXBuildFile; fileRef = 52C95BBB1DC044760073D90A /* arrow_up_icon@3x.png */; };
		52C95BC41DC044760073D90A /* arrow_up_icon_write@3x.png in Resources */ = {isa = PBXBuildFile; fileRef = 52C95BBC1DC044760073D90A /* arrow_up_icon_write@3x.png */; };
		52C95BC51DC044760073D90A /* arrow_up_icon_wtire@2x.png in Resources */ = {isa = PBXBuildFile; fileRef = 52C95BBD1DC044760073D90A /* arrow_up_icon_wtire@2x.png */; };
		52C95BC81DC044880073D90A /* WBDropDownMenuViewController.m in Sources */ = {isa = PBXBuildFile; fileRef = 52C95BC71DC044880073D90A /* WBDropDownMenuViewController.m */; };
		52CD4E471DC3496000CB01BA /* icon_back@2x.png in Resources */ = {isa = PBXBuildFile; fileRef = 52CD4E461DC3496000CB01BA /* icon_back@2x.png */; };
		52CD4E491DC3497900CB01BA /* photo_down_btn@2x.png in Resources */ = {isa = PBXBuildFile; fileRef = 52CD4E481DC3497900CB01BA /* photo_down_btn@2x.png */; };
		52CD4E4B1DC3498C00CB01BA /* photo_share_btn@2x.png in Resources */ = {isa = PBXBuildFile; fileRef = 52CD4E4A1DC3498C00CB01BA /* photo_share_btn@2x.png */; };
		52D03AA91DE3F14900EEF571 /* WBSwiftViewController.swift in Sources */ = {isa = PBXBuildFile; fileRef = 52D03AA81DE3F14900EEF571 /* WBSwiftViewController.swift */; };
		52D03AAC1DE41F2100EEF571 /* WBSwiftView.swift in Sources */ = {isa = PBXBuildFile; fileRef = 52D03AAB1DE41F2100EEF571 /* WBSwiftView.swift */; };
		52E842EF1DE800500018FC3E /* WBSwiftTableViewController.swift in Sources */ = {isa = PBXBuildFile; fileRef = 52E842EE1DE800500018FC3E /* WBSwiftTableViewController.swift */; };
/* End PBXBuildFile section */

/* Begin PBXFileReference section */
		521C13FB1DC6DB6C00CD78B3 /* MJRefreshAutoFooter.h */ = {isa = PBXFileReference; fileEncoding = 4; lastKnownFileType = sourcecode.c.h; path = MJRefreshAutoFooter.h; sourceTree = "<group>"; };
		521C13FC1DC6DB6C00CD78B3 /* MJRefreshAutoFooter.m */ = {isa = PBXFileReference; fileEncoding = 4; lastKnownFileType = sourcecode.c.objc; path = MJRefreshAutoFooter.m; sourceTree = "<group>"; };
		521C13FD1DC6DB6C00CD78B3 /* MJRefreshBackFooter.h */ = {isa = PBXFileReference; fileEncoding = 4; lastKnownFileType = sourcecode.c.h; path = MJRefreshBackFooter.h; sourceTree = "<group>"; };
		521C13FE1DC6DB6C00CD78B3 /* MJRefreshBackFooter.m */ = {isa = PBXFileReference; fileEncoding = 4; lastKnownFileType = sourcecode.c.objc; path = MJRefreshBackFooter.m; sourceTree = "<group>"; };
		521C13FF1DC6DB6C00CD78B3 /* MJRefreshComponent.h */ = {isa = PBXFileReference; fileEncoding = 4; lastKnownFileType = sourcecode.c.h; path = MJRefreshComponent.h; sourceTree = "<group>"; };
		521C14001DC6DB6C00CD78B3 /* MJRefreshComponent.m */ = {isa = PBXFileReference; fileEncoding = 4; lastKnownFileType = sourcecode.c.objc; path = MJRefreshComponent.m; sourceTree = "<group>"; };
		521C14011DC6DB6C00CD78B3 /* MJRefreshFooter.h */ = {isa = PBXFileReference; fileEncoding = 4; lastKnownFileType = sourcecode.c.h; path = MJRefreshFooter.h; sourceTree = "<group>"; };
		521C14021DC6DB6C00CD78B3 /* MJRefreshFooter.m */ = {isa = PBXFileReference; fileEncoding = 4; lastKnownFileType = sourcecode.c.objc; path = MJRefreshFooter.m; sourceTree = "<group>"; };
		521C14031DC6DB6C00CD78B3 /* MJRefreshHeader.h */ = {isa = PBXFileReference; fileEncoding = 4; lastKnownFileType = sourcecode.c.h; path = MJRefreshHeader.h; sourceTree = "<group>"; };
		521C14041DC6DB6C00CD78B3 /* MJRefreshHeader.m */ = {isa = PBXFileReference; fileEncoding = 4; lastKnownFileType = sourcecode.c.objc; path = MJRefreshHeader.m; sourceTree = "<group>"; };
		521C14081DC6DB6C00CD78B3 /* MJRefreshAutoGifFooter.h */ = {isa = PBXFileReference; fileEncoding = 4; lastKnownFileType = sourcecode.c.h; path = MJRefreshAutoGifFooter.h; sourceTree = "<group>"; };
		521C14091DC6DB6C00CD78B3 /* MJRefreshAutoGifFooter.m */ = {isa = PBXFileReference; fileEncoding = 4; lastKnownFileType = sourcecode.c.objc; path = MJRefreshAutoGifFooter.m; sourceTree = "<group>"; };
		521C140A1DC6DB6C00CD78B3 /* MJRefreshAutoNormalFooter.h */ = {isa = PBXFileReference; fileEncoding = 4; lastKnownFileType = sourcecode.c.h; path = MJRefreshAutoNormalFooter.h; sourceTree = "<group>"; };
		521C140B1DC6DB6C00CD78B3 /* MJRefreshAutoNormalFooter.m */ = {isa = PBXFileReference; fileEncoding = 4; lastKnownFileType = sourcecode.c.objc; path = MJRefreshAutoNormalFooter.m; sourceTree = "<group>"; };
		521C140C1DC6DB6C00CD78B3 /* MJRefreshAutoStateFooter.h */ = {isa = PBXFileReference; fileEncoding = 4; lastKnownFileType = sourcecode.c.h; path = MJRefreshAutoStateFooter.h; sourceTree = "<group>"; };
		521C140D1DC6DB6C00CD78B3 /* MJRefreshAutoStateFooter.m */ = {isa = PBXFileReference; fileEncoding = 4; lastKnownFileType = sourcecode.c.objc; path = MJRefreshAutoStateFooter.m; sourceTree = "<group>"; };
		521C140F1DC6DB6C00CD78B3 /* MJRefreshBackGifFooter.h */ = {isa = PBXFileReference; fileEncoding = 4; lastKnownFileType = sourcecode.c.h; path = MJRefreshBackGifFooter.h; sourceTree = "<group>"; };
		521C14101DC6DB6C00CD78B3 /* MJRefreshBackGifFooter.m */ = {isa = PBXFileReference; fileEncoding = 4; lastKnownFileType = sourcecode.c.objc; path = MJRefreshBackGifFooter.m; sourceTree = "<group>"; };
		521C14111DC6DB6C00CD78B3 /* MJRefreshBackNormalFooter.h */ = {isa = PBXFileReference; fileEncoding = 4; lastKnownFileType = sourcecode.c.h; path = MJRefreshBackNormalFooter.h; sourceTree = "<group>"; };
		521C14121DC6DB6C00CD78B3 /* MJRefreshBackNormalFooter.m */ = {isa = PBXFileReference; fileEncoding = 4; lastKnownFileType = sourcecode.c.objc; path = MJRefreshBackNormalFooter.m; sourceTree = "<group>"; };
		521C14131DC6DB6C00CD78B3 /* MJRefreshBackStateFooter.h */ = {isa = PBXFileReference; fileEncoding = 4; lastKnownFileType = sourcecode.c.h; path = MJRefreshBackStateFooter.h; sourceTree = "<group>"; };
		521C14141DC6DB6C00CD78B3 /* MJRefreshBackStateFooter.m */ = {isa = PBXFileReference; fileEncoding = 4; lastKnownFileType = sourcecode.c.objc; path = MJRefreshBackStateFooter.m; sourceTree = "<group>"; };
		521C14161DC6DB6C00CD78B3 /* MJRefreshGifHeader.h */ = {isa = PBXFileReference; fileEncoding = 4; lastKnownFileType = sourcecode.c.h; path = MJRefreshGifHeader.h; sourceTree = "<group>"; };
		521C14171DC6DB6C00CD78B3 /* MJRefreshGifHeader.m */ = {isa = PBXFileReference; fileEncoding = 4; lastKnownFileType = sourcecode.c.objc; path = MJRefreshGifHeader.m; sourceTree = "<group>"; };
		521C14181DC6DB6C00CD78B3 /* MJRefreshNormalHeader.h */ = {isa = PBXFileReference; fileEncoding = 4; lastKnownFileType = sourcecode.c.h; path = MJRefreshNormalHeader.h; sourceTree = "<group>"; };
		521C14191DC6DB6C00CD78B3 /* MJRefreshNormalHeader.m */ = {isa = PBXFileReference; fileEncoding = 4; lastKnownFileType = sourcecode.c.objc; path = MJRefreshNormalHeader.m; sourceTree = "<group>"; };
		521C141A1DC6DB6C00CD78B3 /* MJRefreshStateHeader.h */ = {isa = PBXFileReference; fileEncoding = 4; lastKnownFileType = sourcecode.c.h; path = MJRefreshStateHeader.h; sourceTree = "<group>"; };
		521C141B1DC6DB6C00CD78B3 /* MJRefreshStateHeader.m */ = {isa = PBXFileReference; fileEncoding = 4; lastKnownFileType = sourcecode.c.objc; path = MJRefreshStateHeader.m; sourceTree = "<group>"; };
		521C141C1DC6DB6C00CD78B3 /* MJRefresh.bundle */ = {isa = PBXFileReference; lastKnownFileType = "wrapper.plug-in"; path = MJRefresh.bundle; sourceTree = "<group>"; };
		521C141D1DC6DB6C00CD78B3 /* MJRefresh.h */ = {isa = PBXFileReference; fileEncoding = 4; lastKnownFileType = sourcecode.c.h; path = MJRefresh.h; sourceTree = "<group>"; };
		521C141E1DC6DB6C00CD78B3 /* MJRefreshConst.h */ = {isa = PBXFileReference; fileEncoding = 4; lastKnownFileType = sourcecode.c.h; path = MJRefreshConst.h; sourceTree = "<group>"; };
		521C141F1DC6DB6C00CD78B3 /* MJRefreshConst.m */ = {isa = PBXFileReference; fileEncoding = 4; lastKnownFileType = sourcecode.c.objc; path = MJRefreshConst.m; sourceTree = "<group>"; };
		521C14201DC6DB6C00CD78B3 /* NSBundle+MJRefresh.h */ = {isa = PBXFileReference; fileEncoding = 4; lastKnownFileType = sourcecode.c.h; path = "NSBundle+MJRefresh.h"; sourceTree = "<group>"; };
		521C14211DC6DB6C00CD78B3 /* NSBundle+MJRefresh.m */ = {isa = PBXFileReference; fileEncoding = 4; lastKnownFileType = sourcecode.c.objc; path = "NSBundle+MJRefresh.m"; sourceTree = "<group>"; };
		521C14221DC6DB6C00CD78B3 /* UIScrollView+MJExtension.h */ = {isa = PBXFileReference; fileEncoding = 4; lastKnownFileType = sourcecode.c.h; path = "UIScrollView+MJExtension.h"; sourceTree = "<group>"; };
		521C14231DC6DB6C00CD78B3 /* UIScrollView+MJExtension.m */ = {isa = PBXFileReference; fileEncoding = 4; lastKnownFileType = sourcecode.c.objc; path = "UIScrollView+MJExtension.m"; sourceTree = "<group>"; };
		521C14241DC6DB6C00CD78B3 /* UIScrollView+MJRefresh.h */ = {isa = PBXFileReference; fileEncoding = 4; lastKnownFileType = sourcecode.c.h; path = "UIScrollView+MJRefresh.h"; sourceTree = "<group>"; };
		521C14251DC6DB6C00CD78B3 /* UIScrollView+MJRefresh.m */ = {isa = PBXFileReference; fileEncoding = 4; lastKnownFileType = sourcecode.c.objc; path = "UIScrollView+MJRefresh.m"; sourceTree = "<group>"; };
		521C14261DC6DB6C00CD78B3 /* UIView+MJExtension.h */ = {isa = PBXFileReference; fileEncoding = 4; lastKnownFileType = sourcecode.c.h; path = "UIView+MJExtension.h"; sourceTree = "<group>"; };
		521C14271DC6DB6C00CD78B3 /* UIView+MJExtension.m */ = {isa = PBXFileReference; fileEncoding = 4; lastKnownFileType = sourcecode.c.objc; path = "UIView+MJExtension.m"; sourceTree = "<group>"; };
		5236E25E1DD0475900D8B1B1 /* WBBlockViewController.h */ = {isa = PBXFileReference; fileEncoding = 4; lastKnownFileType = sourcecode.c.h; path = WBBlockViewController.h; sourceTree = "<group>"; };
		5236E25F1DD0475900D8B1B1 /* WBBlockViewController.m */ = {isa = PBXFileReference; fileEncoding = 4; lastKnownFileType = sourcecode.c.objc; path = WBBlockViewController.m; sourceTree = "<group>"; };
		5236E2611DD0508A00D8B1B1 /* WBBlockView.h */ = {isa = PBXFileReference; fileEncoding = 4; lastKnownFileType = sourcecode.c.h; path = WBBlockView.h; sourceTree = "<group>"; };
		5236E2621DD0508A00D8B1B1 /* WBBlockView.m */ = {isa = PBXFileReference; fileEncoding = 4; lastKnownFileType = sourcecode.c.objc; path = WBBlockView.m; sourceTree = "<group>"; };
		527F32E21DC33B420023F4B7 /* ListViewController.h */ = {isa = PBXFileReference; fileEncoding = 4; lastKnownFileType = sourcecode.c.h; path = ListViewController.h; sourceTree = "<group>"; };
		527F32E31DC33B420023F4B7 /* ListViewController.m */ = {isa = PBXFileReference; fileEncoding = 4; lastKnownFileType = sourcecode.c.objc; path = ListViewController.m; sourceTree = "<group>"; };
		527F32E51DC33B570023F4B7 /* ListTableViewCell.h */ = {isa = PBXFileReference; fileEncoding = 4; lastKnownFileType = sourcecode.c.h; path = ListTableViewCell.h; sourceTree = "<group>"; };
		527F32E61DC33B570023F4B7 /* ListTableViewCell.m */ = {isa = PBXFileReference; fileEncoding = 4; lastKnownFileType = sourcecode.c.objc; path = ListTableViewCell.m; sourceTree = "<group>"; };
		527F32E81DC33B630023F4B7 /* ListModel.h */ = {isa = PBXFileReference; fileEncoding = 4; lastKnownFileType = sourcecode.c.h; path = ListModel.h; sourceTree = "<group>"; };
		527F32E91DC33B630023F4B7 /* ListModel.m */ = {isa = PBXFileReference; fileEncoding = 4; lastKnownFileType = sourcecode.c.objc; path = ListModel.m; sourceTree = "<group>"; };
		527F32EB1DC342900023F4B7 /* WBImageBrowserCell.h */ = {isa = PBXFileReference; fileEncoding = 4; lastKnownFileType = sourcecode.c.h; path = WBImageBrowserCell.h; sourceTree = "<group>"; };
		527F32EC1DC342900023F4B7 /* WBImageBrowserCell.m */ = {isa = PBXFileReference; fileEncoding = 4; lastKnownFileType = sourcecode.c.objc; path = WBImageBrowserCell.m; sourceTree = "<group>"; };
		527F32ED1DC342900023F4B7 /* WBImageBrowserCell.xib */ = {isa = PBXFileReference; fileEncoding = 4; lastKnownFileType = file.xib; path = WBImageBrowserCell.xib; sourceTree = "<group>"; };
		527F32EE1DC342900023F4B7 /* WBImageBrowserView.h */ = {isa = PBXFileReference; fileEncoding = 4; lastKnownFileType = sourcecode.c.h; path = WBImageBrowserView.h; sourceTree = "<group>"; };
		527F32EF1DC342900023F4B7 /* WBImageBrowserView.m */ = {isa = PBXFileReference; fileEncoding = 4; lastKnownFileType = sourcecode.c.objc; path = WBImageBrowserView.m; sourceTree = "<group>"; };
		527F32F41DC343E80023F4B7 /* ProgressHUD.bundle */ = {isa = PBXFileReference; lastKnownFileType = "wrapper.plug-in"; path = ProgressHUD.bundle; sourceTree = "<group>"; };
		527F32F51DC343E80023F4B7 /* ProgressHUD.h */ = {isa = PBXFileReference; fileEncoding = 4; lastKnownFileType = sourcecode.c.h; path = ProgressHUD.h; sourceTree = "<group>"; };
		527F32F61DC343E80023F4B7 /* ProgressHUD.m */ = {isa = PBXFileReference; fileEncoding = 4; lastKnownFileType = sourcecode.c.objc; path = ProgressHUD.m; sourceTree = "<group>"; };
		527F32F91DC344D00023F4B7 /* WBImageBrowserViewController.h */ = {isa = PBXFileReference; fileEncoding = 4; lastKnownFileType = sourcecode.c.h; path = WBImageBrowserViewController.h; sourceTree = "<group>"; };
		527F32FA1DC344D00023F4B7 /* WBImageBrowserViewController.m */ = {isa = PBXFileReference; fileEncoding = 4; lastKnownFileType = sourcecode.c.objc; path = WBImageBrowserViewController.m; sourceTree = "<group>"; };
		5287A1BF1DE6813900797608 /* AFHTTPSessionManager.h */ = {isa = PBXFileReference; fileEncoding = 4; lastKnownFileType = sourcecode.c.h; path = AFHTTPSessionManager.h; sourceTree = "<group>"; };
		5287A1C01DE6813900797608 /* AFHTTPSessionManager.m */ = {isa = PBXFileReference; fileEncoding = 4; lastKnownFileType = sourcecode.c.objc; path = AFHTTPSessionManager.m; sourceTree = "<group>"; };
		5287A1C11DE6813900797608 /* AFNetworking.h */ = {isa = PBXFileReference; fileEncoding = 4; lastKnownFileType = sourcecode.c.h; path = AFNetworking.h; sourceTree = "<group>"; };
		5287A1C21DE6813900797608 /* AFNetworkReachabilityManager.h */ = {isa = PBXFileReference; fileEncoding = 4; lastKnownFileType = sourcecode.c.h; path = AFNetworkReachabilityManager.h; sourceTree = "<group>"; };
		5287A1C31DE6813900797608 /* AFNetworkReachabilityManager.m */ = {isa = PBXFileReference; fileEncoding = 4; lastKnownFileType = sourcecode.c.objc; path = AFNetworkReachabilityManager.m; sourceTree = "<group>"; };
		5287A1C41DE6813900797608 /* AFSecurityPolicy.h */ = {isa = PBXFileReference; fileEncoding = 4; lastKnownFileType = sourcecode.c.h; path = AFSecurityPolicy.h; sourceTree = "<group>"; };
		5287A1C51DE6813900797608 /* AFSecurityPolicy.m */ = {isa = PBXFileReference; fileEncoding = 4; lastKnownFileType = sourcecode.c.objc; path = AFSecurityPolicy.m; sourceTree = "<group>"; };
		5287A1C61DE6813900797608 /* AFURLRequestSerialization.h */ = {isa = PBXFileReference; fileEncoding = 4; lastKnownFileType = sourcecode.c.h; path = AFURLRequestSerialization.h; sourceTree = "<group>"; };
		5287A1C71DE6813900797608 /* AFURLRequestSerialization.m */ = {isa = PBXFileReference; fileEncoding = 4; lastKnownFileType = sourcecode.c.objc; path = AFURLRequestSerialization.m; sourceTree = "<group>"; };
		5287A1C81DE6813900797608 /* AFURLResponseSerialization.h */ = {isa = PBXFileReference; fileEncoding = 4; lastKnownFileType = sourcecode.c.h; path = AFURLResponseSerialization.h; sourceTree = "<group>"; };
		5287A1C91DE6813900797608 /* AFURLResponseSerialization.m */ = {isa = PBXFileReference; fileEncoding = 4; lastKnownFileType = sourcecode.c.objc; path = AFURLResponseSerialization.m; sourceTree = "<group>"; };
		5287A1CA1DE6813900797608 /* AFURLSessionManager.h */ = {isa = PBXFileReference; fileEncoding = 4; lastKnownFileType = sourcecode.c.h; path = AFURLSessionManager.h; sourceTree = "<group>"; };
		5287A1CB1DE6813900797608 /* AFURLSessionManager.m */ = {isa = PBXFileReference; fileEncoding = 4; lastKnownFileType = sourcecode.c.objc; path = AFURLSessionManager.m; sourceTree = "<group>"; };
		52A4DB411DAF6FF70034254C /* Custom.app */ = {isa = PBXFileReference; explicitFileType = wrapper.application; includeInIndex = 0; path = Custom.app; sourceTree = BUILT_PRODUCTS_DIR; };
		52A4DB451DAF6FF70034254C /* main.m */ = {isa = PBXFileReference; lastKnownFileType = sourcecode.c.objc; path = main.m; sourceTree = "<group>"; };
		52A4DB471DAF6FF70034254C /* AppDelegate.h */ = {isa = PBXFileReference; lastKnownFileType = sourcecode.c.h; path = AppDelegate.h; sourceTree = "<group>"; };
		52A4DB481DAF6FF70034254C /* AppDelegate.m */ = {isa = PBXFileReference; lastKnownFileType = sourcecode.c.objc; path = AppDelegate.m; sourceTree = "<group>"; };
		52A4DB501DAF6FF70034254C /* Assets.xcassets */ = {isa = PBXFileReference; lastKnownFileType = folder.assetcatalog; path = Assets.xcassets; sourceTree = "<group>"; };
		52A4DB531DAF6FF70034254C /* Base */ = {isa = PBXFileReference; lastKnownFileType = file.storyboard; name = Base; path = Base.lproj/LaunchScreen.storyboard; sourceTree = "<group>"; };
		52A4DB551DAF6FF70034254C /* Info.plist */ = {isa = PBXFileReference; lastKnownFileType = text.plist.xml; path = Info.plist; sourceTree = "<group>"; };
		52A4DB5B1DAF707A0034254C /* MenuViewController.h */ = {isa = PBXFileReference; fileEncoding = 4; lastKnownFileType = sourcecode.c.h; path = MenuViewController.h; sourceTree = "<group>"; };
		52A4DB5C1DAF707A0034254C /* MenuViewController.m */ = {isa = PBXFileReference; fileEncoding = 4; lastKnownFileType = sourcecode.c.objc; path = MenuViewController.m; sourceTree = "<group>"; };
		52A4DB631DAF74000034254C /* PrefixHeader.pch */ = {isa = PBXFileReference; lastKnownFileType = sourcecode.c.h; path = PrefixHeader.pch; sourceTree = "<group>"; };
		52A4DB641DAF74220034254C /* Common.h */ = {isa = PBXFileReference; lastKnownFileType = sourcecode.c.h; path = Common.h; sourceTree = "<group>"; };
		52A4DB651DAF7C7D0034254C /* WBAlertViewController.h */ = {isa = PBXFileReference; fileEncoding = 4; lastKnownFileType = sourcecode.c.h; path = WBAlertViewController.h; sourceTree = "<group>"; };
		52A4DB661DAF7C7D0034254C /* WBAlertViewController.m */ = {isa = PBXFileReference; fileEncoding = 4; lastKnownFileType = sourcecode.c.objc; path = WBAlertViewController.m; sourceTree = "<group>"; };
		52A4DB681DAF7E5E0034254C /* WBAlertView.h */ = {isa = PBXFileReference; fileEncoding = 4; lastKnownFileType = sourcecode.c.h; path = WBAlertView.h; sourceTree = "<group>"; };
		52A4DB691DAF7E5E0034254C /* WBAlertView.m */ = {isa = PBXFileReference; fileEncoding = 4; lastKnownFileType = sourcecode.c.objc; path = WBAlertView.m; sourceTree = "<group>"; };
		52AA5D821DF00E9A00452A35 /* WBTableViewCell.swift */ = {isa = PBXFileReference; fileEncoding = 4; lastKnownFileType = sourcecode.swift; path = WBTableViewCell.swift; sourceTree = "<group>"; };
		52B0BACA1DC337940068B412 /* Info.plist */ = {isa = PBXFileReference; fileEncoding = 4; lastKnownFileType = text.plist.xml; path = Info.plist; sourceTree = "<group>"; };
		52B0BACB1DC337940068B412 /* MJExtension.h */ = {isa = PBXFileReference; fileEncoding = 4; lastKnownFileType = sourcecode.c.h; path = MJExtension.h; sourceTree = "<group>"; };
		52B0BACC1DC337940068B412 /* MJExtensionConst.h */ = {isa = PBXFileReference; fileEncoding = 4; lastKnownFileType = sourcecode.c.h; path = MJExtensionConst.h; sourceTree = "<group>"; };
		52B0BACD1DC337940068B412 /* MJExtensionConst.m */ = {isa = PBXFileReference; fileEncoding = 4; lastKnownFileType = sourcecode.c.objc; path = MJExtensionConst.m; sourceTree = "<group>"; };
		52B0BACE1DC337940068B412 /* MJFoundation.h */ = {isa = PBXFileReference; fileEncoding = 4; lastKnownFileType = sourcecode.c.h; path = MJFoundation.h; sourceTree = "<group>"; };
		52B0BACF1DC337940068B412 /* MJFoundation.m */ = {isa = PBXFileReference; fileEncoding = 4; lastKnownFileType = sourcecode.c.objc; path = MJFoundation.m; sourceTree = "<group>"; };
		52B0BAD01DC337940068B412 /* MJProperty.h */ = {isa = PBXFileReference; fileEncoding = 4; lastKnownFileType = sourcecode.c.h; path = MJProperty.h; sourceTree = "<group>"; };
		52B0BAD11DC337940068B412 /* MJProperty.m */ = {isa = PBXFileReference; fileEncoding = 4; lastKnownFileType = sourcecode.c.objc; path = MJProperty.m; sourceTree = "<group>"; };
		52B0BAD21DC337940068B412 /* MJPropertyKey.h */ = {isa = PBXFileReference; fileEncoding = 4; lastKnownFileType = sourcecode.c.h; path = MJPropertyKey.h; sourceTree = "<group>"; };
		52B0BAD31DC337940068B412 /* MJPropertyKey.m */ = {isa = PBXFileReference; fileEncoding = 4; lastKnownFileType = sourcecode.c.objc; path = MJPropertyKey.m; sourceTree = "<group>"; };
		52B0BAD41DC337940068B412 /* MJPropertyType.h */ = {isa = PBXFileReference; fileEncoding = 4; lastKnownFileType = sourcecode.c.h; path = MJPropertyType.h; sourceTree = "<group>"; };
		52B0BAD51DC337940068B412 /* MJPropertyType.m */ = {isa = PBXFileReference; fileEncoding = 4; lastKnownFileType = sourcecode.c.objc; path = MJPropertyType.m; sourceTree = "<group>"; };
		52B0BAD61DC337940068B412 /* NSObject+MJClass.h */ = {isa = PBXFileReference; fileEncoding = 4; lastKnownFileType = sourcecode.c.h; path = "NSObject+MJClass.h"; sourceTree = "<group>"; };
		52B0BAD71DC337940068B412 /* NSObject+MJClass.m */ = {isa = PBXFileReference; fileEncoding = 4; lastKnownFileType = sourcecode.c.objc; path = "NSObject+MJClass.m"; sourceTree = "<group>"; };
		52B0BAD81DC337940068B412 /* NSObject+MJCoding.h */ = {isa = PBXFileReference; fileEncoding = 4; lastKnownFileType = sourcecode.c.h; path = "NSObject+MJCoding.h"; sourceTree = "<group>"; };
		52B0BAD91DC337940068B412 /* NSObject+MJCoding.m */ = {isa = PBXFileReference; fileEncoding = 4; lastKnownFileType = sourcecode.c.objc; path = "NSObject+MJCoding.m"; sourceTree = "<group>"; };
		52B0BADA1DC337940068B412 /* NSObject+MJKeyValue.h */ = {isa = PBXFileReference; fileEncoding = 4; lastKnownFileType = sourcecode.c.h; path = "NSObject+MJKeyValue.h"; sourceTree = "<group>"; };
		52B0BADB1DC337940068B412 /* NSObject+MJKeyValue.m */ = {isa = PBXFileReference; fileEncoding = 4; lastKnownFileType = sourcecode.c.objc; path = "NSObject+MJKeyValue.m"; sourceTree = "<group>"; };
		52B0BADC1DC337940068B412 /* NSObject+MJProperty.h */ = {isa = PBXFileReference; fileEncoding = 4; lastKnownFileType = sourcecode.c.h; path = "NSObject+MJProperty.h"; sourceTree = "<group>"; };
		52B0BADD1DC337940068B412 /* NSObject+MJProperty.m */ = {isa = PBXFileReference; fileEncoding = 4; lastKnownFileType = sourcecode.c.objc; path = "NSObject+MJProperty.m"; sourceTree = "<group>"; };
		52B0BADE1DC337940068B412 /* NSString+MJExtension.h */ = {isa = PBXFileReference; fileEncoding = 4; lastKnownFileType = sourcecode.c.h; path = "NSString+MJExtension.h"; sourceTree = "<group>"; };
		52B0BADF1DC337940068B412 /* NSString+MJExtension.m */ = {isa = PBXFileReference; fileEncoding = 4; lastKnownFileType = sourcecode.c.objc; path = "NSString+MJExtension.m"; sourceTree = "<group>"; };
		52B0BB2B1DC339DB0068B412 /* RequestManager.h */ = {isa = PBXFileReference; fileEncoding = 4; lastKnownFileType = sourcecode.c.h; path = RequestManager.h; sourceTree = "<group>"; };
		52B0BB2C1DC339DB0068B412 /* RequestManager.m */ = {isa = PBXFileReference; fileEncoding = 4; lastKnownFileType = sourcecode.c.objc; path = RequestManager.m; sourceTree = "<group>"; };
		52B0BB2E1DC339E90068B412 /* Network.h */ = {isa = PBXFileReference; lastKnownFileType = sourcecode.c.h; path = Network.h; sourceTree = "<group>"; };
		52C2D9AB1DE54376003A80B3 /* WBNetwork.swift */ = {isa = PBXFileReference; fileEncoding = 4; lastKnownFileType = sourcecode.swift; path = WBNetwork.swift; sourceTree = "<group>"; };
		52C95B221DC03C0F0073D90A /* WBFullScreenImage.h */ = {isa = PBXFileReference; fileEncoding = 4; lastKnownFileType = sourcecode.c.h; path = WBFullScreenImage.h; sourceTree = "<group>"; };
		52C95B231DC03C0F0073D90A /* WBFullScreenImage.m */ = {isa = PBXFileReference; fileEncoding = 4; lastKnownFileType = sourcecode.c.objc; path = WBFullScreenImage.m; sourceTree = "<group>"; };
		52C95B271DC03C6A0073D90A /* NSData+GIF.h */ = {isa = PBXFileReference; fileEncoding = 4; lastKnownFileType = sourcecode.c.h; path = "NSData+GIF.h"; sourceTree = "<group>"; };
		52C95B281DC03C6A0073D90A /* NSData+GIF.m */ = {isa = PBXFileReference; fileEncoding = 4; lastKnownFileType = sourcecode.c.objc; path = "NSData+GIF.m"; sourceTree = "<group>"; };
		52C95B291DC03C6A0073D90A /* NSData+ImageContentType.h */ = {isa = PBXFileReference; fileEncoding = 4; lastKnownFileType = sourcecode.c.h; path = "NSData+ImageContentType.h"; sourceTree = "<group>"; };
		52C95B2A1DC03C6A0073D90A /* NSData+ImageContentType.m */ = {isa = PBXFileReference; fileEncoding = 4; lastKnownFileType = sourcecode.c.objc; path = "NSData+ImageContentType.m"; sourceTree = "<group>"; };
		52C95B2B1DC03C6A0073D90A /* SDImageCache.h */ = {isa = PBXFileReference; fileEncoding = 4; lastKnownFileType = sourcecode.c.h; path = SDImageCache.h; sourceTree = "<group>"; };
		52C95B2C1DC03C6A0073D90A /* SDImageCache.m */ = {isa = PBXFileReference; fileEncoding = 4; lastKnownFileType = sourcecode.c.objc; path = SDImageCache.m; sourceTree = "<group>"; };
		52C95B2D1DC03C6A0073D90A /* SDWebImageCompat.h */ = {isa = PBXFileReference; fileEncoding = 4; lastKnownFileType = sourcecode.c.h; path = SDWebImageCompat.h; sourceTree = "<group>"; };
		52C95B2E1DC03C6A0073D90A /* SDWebImageCompat.m */ = {isa = PBXFileReference; fileEncoding = 4; lastKnownFileType = sourcecode.c.objc; path = SDWebImageCompat.m; sourceTree = "<group>"; };
		52C95B2F1DC03C6A0073D90A /* SDWebImageDecoder.h */ = {isa = PBXFileReference; fileEncoding = 4; lastKnownFileType = sourcecode.c.h; path = SDWebImageDecoder.h; sourceTree = "<group>"; };
		52C95B301DC03C6A0073D90A /* SDWebImageDecoder.m */ = {isa = PBXFileReference; fileEncoding = 4; lastKnownFileType = sourcecode.c.objc; path = SDWebImageDecoder.m; sourceTree = "<group>"; };
		52C95B311DC03C6A0073D90A /* SDWebImageDownloader.h */ = {isa = PBXFileReference; fileEncoding = 4; lastKnownFileType = sourcecode.c.h; path = SDWebImageDownloader.h; sourceTree = "<group>"; };
		52C95B321DC03C6A0073D90A /* SDWebImageDownloader.m */ = {isa = PBXFileReference; fileEncoding = 4; lastKnownFileType = sourcecode.c.objc; path = SDWebImageDownloader.m; sourceTree = "<group>"; };
		52C95B331DC03C6A0073D90A /* SDWebImageDownloaderOperation.h */ = {isa = PBXFileReference; fileEncoding = 4; lastKnownFileType = sourcecode.c.h; path = SDWebImageDownloaderOperation.h; sourceTree = "<group>"; };
		52C95B341DC03C6A0073D90A /* SDWebImageDownloaderOperation.m */ = {isa = PBXFileReference; fileEncoding = 4; lastKnownFileType = sourcecode.c.objc; path = SDWebImageDownloaderOperation.m; sourceTree = "<group>"; };
		52C95B351DC03C6A0073D90A /* SDWebImageManager.h */ = {isa = PBXFileReference; fileEncoding = 4; lastKnownFileType = sourcecode.c.h; path = SDWebImageManager.h; sourceTree = "<group>"; };
		52C95B361DC03C6A0073D90A /* SDWebImageManager.m */ = {isa = PBXFileReference; fileEncoding = 4; lastKnownFileType = sourcecode.c.objc; path = SDWebImageManager.m; sourceTree = "<group>"; };
		52C95B371DC03C6A0073D90A /* SDWebImageOperation.h */ = {isa = PBXFileReference; fileEncoding = 4; lastKnownFileType = sourcecode.c.h; path = SDWebImageOperation.h; sourceTree = "<group>"; };
		52C95B381DC03C6A0073D90A /* SDWebImagePrefetcher.h */ = {isa = PBXFileReference; fileEncoding = 4; lastKnownFileType = sourcecode.c.h; path = SDWebImagePrefetcher.h; sourceTree = "<group>"; };
		52C95B391DC03C6A0073D90A /* SDWebImagePrefetcher.m */ = {isa = PBXFileReference; fileEncoding = 4; lastKnownFileType = sourcecode.c.objc; path = SDWebImagePrefetcher.m; sourceTree = "<group>"; };
		52C95B3A1DC03C6A0073D90A /* UIButton+WebCache.h */ = {isa = PBXFileReference; fileEncoding = 4; lastKnownFileType = sourcecode.c.h; path = "UIButton+WebCache.h"; sourceTree = "<group>"; };
		52C95B3B1DC03C6A0073D90A /* UIButton+WebCache.m */ = {isa = PBXFileReference; fileEncoding = 4; lastKnownFileType = sourcecode.c.objc; path = "UIButton+WebCache.m"; sourceTree = "<group>"; };
		52C95B3C1DC03C6A0073D90A /* UIImage+GIF.h */ = {isa = PBXFileReference; fileEncoding = 4; lastKnownFileType = sourcecode.c.h; path = "UIImage+GIF.h"; sourceTree = "<group>"; };
		52C95B3D1DC03C6A0073D90A /* UIImage+GIF.m */ = {isa = PBXFileReference; fileEncoding = 4; lastKnownFileType = sourcecode.c.objc; path = "UIImage+GIF.m"; sourceTree = "<group>"; };
		52C95B3E1DC03C6A0073D90A /* UIImage+MultiFormat.h */ = {isa = PBXFileReference; fileEncoding = 4; lastKnownFileType = sourcecode.c.h; path = "UIImage+MultiFormat.h"; sourceTree = "<group>"; };
		52C95B3F1DC03C6A0073D90A /* UIImage+MultiFormat.m */ = {isa = PBXFileReference; fileEncoding = 4; lastKnownFileType = sourcecode.c.objc; path = "UIImage+MultiFormat.m"; sourceTree = "<group>"; };
		52C95B401DC03C6A0073D90A /* UIImageView+WebCache.h */ = {isa = PBXFileReference; fileEncoding = 4; lastKnownFileType = sourcecode.c.h; path = "UIImageView+WebCache.h"; sourceTree = "<group>"; };
		52C95B411DC03C6A0073D90A /* UIImageView+WebCache.m */ = {isa = PBXFileReference; fileEncoding = 4; lastKnownFileType = sourcecode.c.objc; path = "UIImageView+WebCache.m"; sourceTree = "<group>"; };
		52C95B4F1DC03D7F0073D90A /* WBFullScreenImageViewController.h */ = {isa = PBXFileReference; fileEncoding = 4; lastKnownFileType = sourcecode.c.h; path = WBFullScreenImageViewController.h; sourceTree = "<group>"; };
		52C95B501DC03D7F0073D90A /* WBFullScreenImageViewController.m */ = {isa = PBXFileReference; fileEncoding = 4; lastKnownFileType = sourcecode.c.objc; path = WBFullScreenImageViewController.m; sourceTree = "<group>"; };
		52C95B521DC03EB50073D90A /* test.png */ = {isa = PBXFileReference; lastKnownFileType = image.png; path = test.png; sourceTree = "<group>"; };
		52C95B7C1DC043240073D90A /* WBDropDownMenu.h */ = {isa = PBXFileReference; fileEncoding = 4; lastKnownFileType = sourcecode.c.h; path = WBDropDownMenu.h; sourceTree = "<group>"; };
		52C95B7D1DC043240073D90A /* WBDropDownMenu.m */ = {isa = PBXFileReference; fileEncoding = 4; lastKnownFileType = sourcecode.c.objc; path = WBDropDownMenu.m; sourceTree = "<group>"; };
		52C95B891DC0445A0073D90A /* bei1.png */ = {isa = PBXFileReference; lastKnownFileType = image.png; path = bei1.png; sourceTree = "<group>"; };
		52C95B8A1DC0445A0073D90A /* bei10.png */ = {isa = PBXFileReference; lastKnownFileType = image.png; path = bei10.png; sourceTree = "<group>"; };
		52C95B8B1DC0445A0073D90A /* bei11.png */ = {isa = PBXFileReference; lastKnownFileType = image.png; path = bei11.png; sourceTree = "<group>"; };
		52C95B8C1DC0445A0073D90A /* bei12.png */ = {isa = PBXFileReference; lastKnownFileType = image.png; path = bei12.png; sourceTree = "<group>"; };
		52C95B8D1DC0445A0073D90A /* bei2.png */ = {isa = PBXFileReference; lastKnownFileType = image.png; path = bei2.png; sourceTree = "<group>"; };
		52C95B8E1DC0445A0073D90A /* bei3.png */ = {isa = PBXFileReference; lastKnownFileType = image.png; path = bei3.png; sourceTree = "<group>"; };
		52C95B8F1DC0445A0073D90A /* bei4.png */ = {isa = PBXFileReference; lastKnownFileType = image.png; path = bei4.png; sourceTree = "<group>"; };
		52C95B901DC0445A0073D90A /* bei5.png */ = {isa = PBXFileReference; lastKnownFileType = image.png; path = bei5.png; sourceTree = "<group>"; };
		52C95B911DC0445A0073D90A /* bei6.png */ = {isa = PBXFileReference; lastKnownFileType = image.png; path = bei6.png; sourceTree = "<group>"; };
		52C95B921DC0445A0073D90A /* bei7.png */ = {isa = PBXFileReference; lastKnownFileType = image.png; path = bei7.png; sourceTree = "<group>"; };
		52C95B931DC0445A0073D90A /* bei8.png */ = {isa = PBXFileReference; lastKnownFileType = image.png; path = bei8.png; sourceTree = "<group>"; };
		52C95B941DC0445A0073D90A /* bei9.png */ = {isa = PBXFileReference; lastKnownFileType = image.png; path = bei9.png; sourceTree = "<group>"; };
		52C95B951DC0445A0073D90A /* beibei1.png */ = {isa = PBXFileReference; lastKnownFileType = image.png; path = beibei1.png; sourceTree = "<group>"; };
		52C95B961DC0445A0073D90A /* beibei2.png */ = {isa = PBXFileReference; lastKnownFileType = image.png; path = beibei2.png; sourceTree = "<group>"; };
		52C95B971DC0445A0073D90A /* beibei3.png */ = {isa = PBXFileReference; lastKnownFileType = image.png; path = beibei3.png; sourceTree = "<group>"; };
		52C95B981DC0445A0073D90A /* beibei4.png */ = {isa = PBXFileReference; lastKnownFileType = image.png; path = beibei4.png; sourceTree = "<group>"; };
		52C95B991DC0445A0073D90A /* beibei5.png */ = {isa = PBXFileReference; lastKnownFileType = image.png; path = beibei5.png; sourceTree = "<group>"; };
		52C95B9A1DC0445A0073D90A /* beibei6.png */ = {isa = PBXFileReference; lastKnownFileType = image.png; path = beibei6.png; sourceTree = "<group>"; };
		52C95B9B1DC0445A0073D90A /* beibei7.png */ = {isa = PBXFileReference; lastKnownFileType = image.png; path = beibei7.png; sourceTree = "<group>"; };
		52C95B9C1DC0445A0073D90A /* beibei8.png */ = {isa = PBXFileReference; lastKnownFileType = image.png; path = beibei8.png; sourceTree = "<group>"; };
		52C95B9D1DC0445A0073D90A /* beibei9.png */ = {isa = PBXFileReference; lastKnownFileType = image.png; path = beibei9.png; sourceTree = "<group>"; };
		52C95B9E1DC0445A0073D90A /* loadfailed.png */ = {isa = PBXFileReference; lastKnownFileType = image.png; path = loadfailed.png; sourceTree = "<group>"; };
		52C95BB61DC044760073D90A /* arrow_down_icon@2x.png */ = {isa = PBXFileReference; lastKnownFileType = image.png; path = "arrow_down_icon@2x.png"; sourceTree = "<group>"; };
		52C95BB71DC044760073D90A /* arrow_down_icon@3x.png */ = {isa = PBXFileReference; lastKnownFileType = image.png; path = "arrow_down_icon@3x.png"; sourceTree = "<group>"; };
		52C95BB81DC044760073D90A /* arrow_down_icon_write@3x.png */ = {isa = PBXFileReference; lastKnownFileType = image.png; path = "arrow_down_icon_write@3x.png"; sourceTree = "<group>"; };
		52C95BB91DC044760073D90A /* arrow_down_icon_wtire@2x.png */ = {isa = PBXFileReference; lastKnownFileType = image.png; path = "arrow_down_icon_wtire@2x.png"; sourceTree = "<group>"; };
		52C95BBA1DC044760073D90A /* arrow_up_icon@2x.png */ = {isa = PBXFileReference; lastKnownFileType = image.png; path = "arrow_up_icon@2x.png"; sourceTree = "<group>"; };
		52C95BBB1DC044760073D90A /* arrow_up_icon@3x.png */ = {isa = PBXFileReference; lastKnownFileType = image.png; path = "arrow_up_icon@3x.png"; sourceTree = "<group>"; };
		52C95BBC1DC044760073D90A /* arrow_up_icon_write@3x.png */ = {isa = PBXFileReference; lastKnownFileType = image.png; path = "arrow_up_icon_write@3x.png"; sourceTree = "<group>"; };
		52C95BBD1DC044760073D90A /* arrow_up_icon_wtire@2x.png */ = {isa = PBXFileReference; lastKnownFileType = image.png; path = "arrow_up_icon_wtire@2x.png"; sourceTree = "<group>"; };
		52C95BC61DC044880073D90A /* WBDropDownMenuViewController.h */ = {isa = PBXFileReference; fileEncoding = 4; lastKnownFileType = sourcecode.c.h; path = WBDropDownMenuViewController.h; sourceTree = "<group>"; };
		52C95BC71DC044880073D90A /* WBDropDownMenuViewController.m */ = {isa = PBXFileReference; fileEncoding = 4; lastKnownFileType = sourcecode.c.objc; path = WBDropDownMenuViewController.m; sourceTree = "<group>"; };
		52CD4E461DC3496000CB01BA /* icon_back@2x.png */ = {isa = PBXFileReference; lastKnownFileType = image.png; path = "icon_back@2x.png"; sourceTree = "<group>"; };
		52CD4E481DC3497900CB01BA /* photo_down_btn@2x.png */ = {isa = PBXFileReference; lastKnownFileType = image.png; path = "photo_down_btn@2x.png"; sourceTree = "<group>"; };
		52CD4E4A1DC3498C00CB01BA /* photo_share_btn@2x.png */ = {isa = PBXFileReference; lastKnownFileType = image.png; path = "photo_share_btn@2x.png"; sourceTree = "<group>"; };
		52D03AA81DE3F14900EEF571 /* WBSwiftViewController.swift */ = {isa = PBXFileReference; fileEncoding = 4; lastKnownFileType = sourcecode.swift; path = WBSwiftViewController.swift; sourceTree = "<group>"; };
		52D03AAA1DE3F17800EEF571 /* Custom-Bridging-Header.h */ = {isa = PBXFileReference; lastKnownFileType = sourcecode.c.h; path = "Custom-Bridging-Header.h"; sourceTree = "<group>"; };
		52D03AAB1DE41F2100EEF571 /* WBSwiftView.swift */ = {isa = PBXFileReference; fileEncoding = 4; lastKnownFileType = sourcecode.swift; path = WBSwiftView.swift; sourceTree = "<group>"; };
		52E842EE1DE800500018FC3E /* WBSwiftTableViewController.swift */ = {isa = PBXFileReference; fileEncoding = 4; lastKnownFileType = sourcecode.swift; path = WBSwiftTableViewController.swift; sourceTree = "<group>"; };
/* End PBXFileReference section */

/* Begin PBXFrameworksBuildPhase section */
		52A4DB3E1DAF6FF70034254C /* Frameworks */ = {
			isa = PBXFrameworksBuildPhase;
			buildActionMask = 2147483647;
			files = (
			);
			runOnlyForDeploymentPostprocessing = 0;
		};
/* End PBXFrameworksBuildPhase section */

/* Begin PBXGroup section */
		521C13F91DC6DB6C00CD78B3 /* MJRefresh */ = {
			isa = PBXGroup;
			children = (
				521C13FA1DC6DB6C00CD78B3 /* Base */,
				521C14051DC6DB6C00CD78B3 /* Custom */,
				521C141C1DC6DB6C00CD78B3 /* MJRefresh.bundle */,
				521C141D1DC6DB6C00CD78B3 /* MJRefresh.h */,
				521C141E1DC6DB6C00CD78B3 /* MJRefreshConst.h */,
				521C141F1DC6DB6C00CD78B3 /* MJRefreshConst.m */,
				521C14201DC6DB6C00CD78B3 /* NSBundle+MJRefresh.h */,
				521C14211DC6DB6C00CD78B3 /* NSBundle+MJRefresh.m */,
				521C14221DC6DB6C00CD78B3 /* UIScrollView+MJExtension.h */,
				521C14231DC6DB6C00CD78B3 /* UIScrollView+MJExtension.m */,
				521C14241DC6DB6C00CD78B3 /* UIScrollView+MJRefresh.h */,
				521C14251DC6DB6C00CD78B3 /* UIScrollView+MJRefresh.m */,
				521C14261DC6DB6C00CD78B3 /* UIView+MJExtension.h */,
				521C14271DC6DB6C00CD78B3 /* UIView+MJExtension.m */,
			);
			path = MJRefresh;
			sourceTree = "<group>";
		};
		521C13FA1DC6DB6C00CD78B3 /* Base */ = {
			isa = PBXGroup;
			children = (
				521C13FB1DC6DB6C00CD78B3 /* MJRefreshAutoFooter.h */,
				521C13FC1DC6DB6C00CD78B3 /* MJRefreshAutoFooter.m */,
				521C13FD1DC6DB6C00CD78B3 /* MJRefreshBackFooter.h */,
				521C13FE1DC6DB6C00CD78B3 /* MJRefreshBackFooter.m */,
				521C13FF1DC6DB6C00CD78B3 /* MJRefreshComponent.h */,
				521C14001DC6DB6C00CD78B3 /* MJRefreshComponent.m */,
				521C14011DC6DB6C00CD78B3 /* MJRefreshFooter.h */,
				521C14021DC6DB6C00CD78B3 /* MJRefreshFooter.m */,
				521C14031DC6DB6C00CD78B3 /* MJRefreshHeader.h */,
				521C14041DC6DB6C00CD78B3 /* MJRefreshHeader.m */,
			);
			path = Base;
			sourceTree = "<group>";
		};
		521C14051DC6DB6C00CD78B3 /* Custom */ = {
			isa = PBXGroup;
			children = (
				521C14061DC6DB6C00CD78B3 /* Footer */,
				521C14151DC6DB6C00CD78B3 /* Header */,
			);
			path = Custom;
			sourceTree = "<group>";
		};
		521C14061DC6DB6C00CD78B3 /* Footer */ = {
			isa = PBXGroup;
			children = (
				521C14071DC6DB6C00CD78B3 /* Auto */,
				521C140E1DC6DB6C00CD78B3 /* Back */,
			);
			path = Footer;
			sourceTree = "<group>";
		};
		521C14071DC6DB6C00CD78B3 /* Auto */ = {
			isa = PBXGroup;
			children = (
				521C14081DC6DB6C00CD78B3 /* MJRefreshAutoGifFooter.h */,
				521C14091DC6DB6C00CD78B3 /* MJRefreshAutoGifFooter.m */,
				521C140A1DC6DB6C00CD78B3 /* MJRefreshAutoNormalFooter.h */,
				521C140B1DC6DB6C00CD78B3 /* MJRefreshAutoNormalFooter.m */,
				521C140C1DC6DB6C00CD78B3 /* MJRefreshAutoStateFooter.h */,
				521C140D1DC6DB6C00CD78B3 /* MJRefreshAutoStateFooter.m */,
			);
			path = Auto;
			sourceTree = "<group>";
		};
		521C140E1DC6DB6C00CD78B3 /* Back */ = {
			isa = PBXGroup;
			children = (
				521C140F1DC6DB6C00CD78B3 /* MJRefreshBackGifFooter.h */,
				521C14101DC6DB6C00CD78B3 /* MJRefreshBackGifFooter.m */,
				521C14111DC6DB6C00CD78B3 /* MJRefreshBackNormalFooter.h */,
				521C14121DC6DB6C00CD78B3 /* MJRefreshBackNormalFooter.m */,
				521C14131DC6DB6C00CD78B3 /* MJRefreshBackStateFooter.h */,
				521C14141DC6DB6C00CD78B3 /* MJRefreshBackStateFooter.m */,
			);
			path = Back;
			sourceTree = "<group>";
		};
		521C14151DC6DB6C00CD78B3 /* Header */ = {
			isa = PBXGroup;
			children = (
				521C14161DC6DB6C00CD78B3 /* MJRefreshGifHeader.h */,
				521C14171DC6DB6C00CD78B3 /* MJRefreshGifHeader.m */,
				521C14181DC6DB6C00CD78B3 /* MJRefreshNormalHeader.h */,
				521C14191DC6DB6C00CD78B3 /* MJRefreshNormalHeader.m */,
				521C141A1DC6DB6C00CD78B3 /* MJRefreshStateHeader.h */,
				521C141B1DC6DB6C00CD78B3 /* MJRefreshStateHeader.m */,
			);
			path = Header;
			sourceTree = "<group>";
		};
		5236E25D1DD0473C00D8B1B1 /* WBBlock */ = {
			isa = PBXGroup;
			children = (
				5236E25E1DD0475900D8B1B1 /* WBBlockViewController.h */,
				5236E25F1DD0475900D8B1B1 /* WBBlockViewController.m */,
				5236E2611DD0508A00D8B1B1 /* WBBlockView.h */,
				5236E2621DD0508A00D8B1B1 /* WBBlockView.m */,
			);
			path = WBBlock;
			sourceTree = "<group>";
		};
		527F32E11DC33B2B0023F4B7 /* WBModel */ = {
			isa = PBXGroup;
			children = (
				527F32E21DC33B420023F4B7 /* ListViewController.h */,
				527F32E31DC33B420023F4B7 /* ListViewController.m */,
				527F32E51DC33B570023F4B7 /* ListTableViewCell.h */,
				527F32E61DC33B570023F4B7 /* ListTableViewCell.m */,
				527F32E81DC33B630023F4B7 /* ListModel.h */,
				527F32E91DC33B630023F4B7 /* ListModel.m */,
			);
			path = WBModel;
			sourceTree = "<group>";
		};
		527F32F31DC343E80023F4B7 /* ProgressHUD */ = {
			isa = PBXGroup;
			children = (
				527F32F41DC343E80023F4B7 /* ProgressHUD.bundle */,
				527F32F51DC343E80023F4B7 /* ProgressHUD.h */,
				527F32F61DC343E80023F4B7 /* ProgressHUD.m */,
			);
			path = ProgressHUD;
			sourceTree = "<group>";
		};
		5287A1BE1DE6813900797608 /* AFNetworking */ = {
			isa = PBXGroup;
			children = (
				5287A1BF1DE6813900797608 /* AFHTTPSessionManager.h */,
				5287A1C01DE6813900797608 /* AFHTTPSessionManager.m */,
				5287A1C11DE6813900797608 /* AFNetworking.h */,
				5287A1C21DE6813900797608 /* AFNetworkReachabilityManager.h */,
				5287A1C31DE6813900797608 /* AFNetworkReachabilityManager.m */,
				5287A1C41DE6813900797608 /* AFSecurityPolicy.h */,
				5287A1C51DE6813900797608 /* AFSecurityPolicy.m */,
				5287A1C61DE6813900797608 /* AFURLRequestSerialization.h */,
				5287A1C71DE6813900797608 /* AFURLRequestSerialization.m */,
				5287A1C81DE6813900797608 /* AFURLResponseSerialization.h */,
				5287A1C91DE6813900797608 /* AFURLResponseSerialization.m */,
				5287A1CA1DE6813900797608 /* AFURLSessionManager.h */,
				5287A1CB1DE6813900797608 /* AFURLSessionManager.m */,
			);
			path = AFNetworking;
			sourceTree = "<group>";
		};
		52A4DB381DAF6FF70034254C = {
			isa = PBXGroup;
			children = (
				52A4DB431DAF6FF70034254C /* Custom */,
				52A4DB421DAF6FF70034254C /* Products */,
				C8FDE3D1DA4FB28E9283C8A9 /* Frameworks */,
			);
			sourceTree = "<group>";
		};
		52A4DB421DAF6FF70034254C /* Products */ = {
			isa = PBXGroup;
			children = (
				52A4DB411DAF6FF70034254C /* Custom.app */,
			);
			name = Products;
			sourceTree = "<group>";
		};
		52A4DB431DAF6FF70034254C /* Custom */ = {
			isa = PBXGroup;
			children = (
				52A4DB641DAF74220034254C /* Common.h */,
				52B0BB2E1DC339E90068B412 /* Network.h */,
				52B0BB2B1DC339DB0068B412 /* RequestManager.h */,
				52B0BB2C1DC339DB0068B412 /* RequestManager.m */,
				52A4DB5B1DAF707A0034254C /* MenuViewController.h */,
				52A4DB5C1DAF707A0034254C /* MenuViewController.m */,
				52D03AA71DE3F12E00EEF571 /* WBSwift */,
				5236E25D1DD0473C00D8B1B1 /* WBBlock */,
				52D7DC771DC88ACC00BE710E /* WBExtension */,
				52C95B211DC03BF70073D90A /* WBFullScreenImage */,
				52A4DB5E1DAF73CD0034254C /* WBAlertView */,
				52A4DB5F1DAF73CD0034254C /* WBDropDownMenu */,
				52A4DB601DAF73CD0034254C /* WBImageBrowser */,
				52A4DB611DAF73CD0034254C /* WBPickerView */,
				52A4DB621DAF73CD0034254C /* WBShareView */,
				527F32E11DC33B2B0023F4B7 /* WBModel */,
				52C95B251DC03C6A0073D90A /* Vendor */,
				52A4DB441DAF6FF70034254C /* Supporting Files */,
			);
			path = Custom;
			sourceTree = "<group>";
		};
		52A4DB441DAF6FF70034254C /* Supporting Files */ = {
			isa = PBXGroup;
			children = (
				52A4DB471DAF6FF70034254C /* AppDelegate.h */,
				52A4DB481DAF6FF70034254C /* AppDelegate.m */,
				52A4DB501DAF6FF70034254C /* Assets.xcassets */,
				52A4DB521DAF6FF70034254C /* LaunchScreen.storyboard */,
				52A4DB551DAF6FF70034254C /* Info.plist */,
				52A4DB451DAF6FF70034254C /* main.m */,
				52A4DB631DAF74000034254C /* PrefixHeader.pch */,
			);
			name = "Supporting Files";
			sourceTree = "<group>";
		};
		52A4DB5E1DAF73CD0034254C /* WBAlertView */ = {
			isa = PBXGroup;
			children = (
				52A4DB651DAF7C7D0034254C /* WBAlertViewController.h */,
				52A4DB661DAF7C7D0034254C /* WBAlertViewController.m */,
				52A4DB681DAF7E5E0034254C /* WBAlertView.h */,
				52A4DB691DAF7E5E0034254C /* WBAlertView.m */,
				52C95B881DC0445A0073D90A /* Resource */,
			);
			path = WBAlertView;
			sourceTree = "<group>";
		};
		52A4DB5F1DAF73CD0034254C /* WBDropDownMenu */ = {
			isa = PBXGroup;
			children = (
				52C95BC61DC044880073D90A /* WBDropDownMenuViewController.h */,
				52C95BC71DC044880073D90A /* WBDropDownMenuViewController.m */,
				52C95B7C1DC043240073D90A /* WBDropDownMenu.h */,
				52C95B7D1DC043240073D90A /* WBDropDownMenu.m */,
				52C95BB51DC044760073D90A /* Resource */,
			);
			path = WBDropDownMenu;
			sourceTree = "<group>";
		};
		52A4DB601DAF73CD0034254C /* WBImageBrowser */ = {
			isa = PBXGroup;
			children = (
				527F32F91DC344D00023F4B7 /* WBImageBrowserViewController.h */,
				527F32FA1DC344D00023F4B7 /* WBImageBrowserViewController.m */,
				527F32EE1DC342900023F4B7 /* WBImageBrowserView.h */,
				527F32EF1DC342900023F4B7 /* WBImageBrowserView.m */,
				527F32EB1DC342900023F4B7 /* WBImageBrowserCell.h */,
				527F32EC1DC342900023F4B7 /* WBImageBrowserCell.m */,
				527F32ED1DC342900023F4B7 /* WBImageBrowserCell.xib */,
				52CD4E4A1DC3498C00CB01BA /* photo_share_btn@2x.png */,
				52CD4E481DC3497900CB01BA /* photo_down_btn@2x.png */,
				52CD4E461DC3496000CB01BA /* icon_back@2x.png */,
			);
			path = WBImageBrowser;
			sourceTree = "<group>";
		};
		52A4DB611DAF73CD0034254C /* WBPickerView */ = {
			isa = PBXGroup;
			children = (
			);
			path = WBPickerView;
			sourceTree = "<group>";
		};
		52A4DB621DAF73CD0034254C /* WBShareView */ = {
			isa = PBXGroup;
			children = (
			);
			path = WBShareView;
			sourceTree = "<group>";
		};
		52B0BAC91DC337940068B412 /* MJExtension */ = {
			isa = PBXGroup;
			children = (
				52B0BACA1DC337940068B412 /* Info.plist */,
				52B0BACB1DC337940068B412 /* MJExtension.h */,
				52B0BACC1DC337940068B412 /* MJExtensionConst.h */,
				52B0BACD1DC337940068B412 /* MJExtensionConst.m */,
				52B0BACE1DC337940068B412 /* MJFoundation.h */,
				52B0BACF1DC337940068B412 /* MJFoundation.m */,
				52B0BAD01DC337940068B412 /* MJProperty.h */,
				52B0BAD11DC337940068B412 /* MJProperty.m */,
				52B0BAD21DC337940068B412 /* MJPropertyKey.h */,
				52B0BAD31DC337940068B412 /* MJPropertyKey.m */,
				52B0BAD41DC337940068B412 /* MJPropertyType.h */,
				52B0BAD51DC337940068B412 /* MJPropertyType.m */,
				52B0BAD61DC337940068B412 /* NSObject+MJClass.h */,
				52B0BAD71DC337940068B412 /* NSObject+MJClass.m */,
				52B0BAD81DC337940068B412 /* NSObject+MJCoding.h */,
				52B0BAD91DC337940068B412 /* NSObject+MJCoding.m */,
				52B0BADA1DC337940068B412 /* NSObject+MJKeyValue.h */,
				52B0BADB1DC337940068B412 /* NSObject+MJKeyValue.m */,
				52B0BADC1DC337940068B412 /* NSObject+MJProperty.h */,
				52B0BADD1DC337940068B412 /* NSObject+MJProperty.m */,
				52B0BADE1DC337940068B412 /* NSString+MJExtension.h */,
				52B0BADF1DC337940068B412 /* NSString+MJExtension.m */,
			);
			path = MJExtension;
			sourceTree = "<group>";
		};
		52C95B211DC03BF70073D90A /* WBFullScreenImage */ = {
			isa = PBXGroup;
			children = (
				52C95B4F1DC03D7F0073D90A /* WBFullScreenImageViewController.h */,
				52C95B501DC03D7F0073D90A /* WBFullScreenImageViewController.m */,
				52C95B221DC03C0F0073D90A /* WBFullScreenImage.h */,
				52C95B231DC03C0F0073D90A /* WBFullScreenImage.m */,
				52C95B521DC03EB50073D90A /* test.png */,
			);
			path = WBFullScreenImage;
			sourceTree = "<group>";
		};
		52C95B251DC03C6A0073D90A /* Vendor */ = {
			isa = PBXGroup;
			children = (
				5287A1BE1DE6813900797608 /* AFNetworking */,
				521C13F91DC6DB6C00CD78B3 /* MJRefresh */,
				527F32F31DC343E80023F4B7 /* ProgressHUD */,
				52B0BAC91DC337940068B412 /* MJExtension */,
				52C95B261DC03C6A0073D90A /* SDWebImage */,
			);
			path = Vendor;
			sourceTree = "<group>";
		};
		52C95B261DC03C6A0073D90A /* SDWebImage */ = {
			isa = PBXGroup;
			children = (
				52C95B271DC03C6A0073D90A /* NSData+GIF.h */,
				52C95B281DC03C6A0073D90A /* NSData+GIF.m */,
				52C95B291DC03C6A0073D90A /* NSData+ImageContentType.h */,
				52C95B2A1DC03C6A0073D90A /* NSData+ImageContentType.m */,
				52C95B2B1DC03C6A0073D90A /* SDImageCache.h */,
				52C95B2C1DC03C6A0073D90A /* SDImageCache.m */,
				52C95B2D1DC03C6A0073D90A /* SDWebImageCompat.h */,
				52C95B2E1DC03C6A0073D90A /* SDWebImageCompat.m */,
				52C95B2F1DC03C6A0073D90A /* SDWebImageDecoder.h */,
				52C95B301DC03C6A0073D90A /* SDWebImageDecoder.m */,
				52C95B311DC03C6A0073D90A /* SDWebImageDownloader.h */,
				52C95B321DC03C6A0073D90A /* SDWebImageDownloader.m */,
				52C95B331DC03C6A0073D90A /* SDWebImageDownloaderOperation.h */,
				52C95B341DC03C6A0073D90A /* SDWebImageDownloaderOperation.m */,
				52C95B351DC03C6A0073D90A /* SDWebImageManager.h */,
				52C95B361DC03C6A0073D90A /* SDWebImageManager.m */,
				52C95B371DC03C6A0073D90A /* SDWebImageOperation.h */,
				52C95B381DC03C6A0073D90A /* SDWebImagePrefetcher.h */,
				52C95B391DC03C6A0073D90A /* SDWebImagePrefetcher.m */,
				52C95B3A1DC03C6A0073D90A /* UIButton+WebCache.h */,
				52C95B3B1DC03C6A0073D90A /* UIButton+WebCache.m */,
				52C95B3C1DC03C6A0073D90A /* UIImage+GIF.h */,
				52C95B3D1DC03C6A0073D90A /* UIImage+GIF.m */,
				52C95B3E1DC03C6A0073D90A /* UIImage+MultiFormat.h */,
				52C95B3F1DC03C6A0073D90A /* UIImage+MultiFormat.m */,
				52C95B401DC03C6A0073D90A /* UIImageView+WebCache.h */,
				52C95B411DC03C6A0073D90A /* UIImageView+WebCache.m */,
			);
			path = SDWebImage;
			sourceTree = "<group>";
		};
		52C95B881DC0445A0073D90A /* Resource */ = {
			isa = PBXGroup;
			children = (
				52C95B891DC0445A0073D90A /* bei1.png */,
				52C95B8A1DC0445A0073D90A /* bei10.png */,
				52C95B8B1DC0445A0073D90A /* bei11.png */,
				52C95B8C1DC0445A0073D90A /* bei12.png */,
				52C95B8D1DC0445A0073D90A /* bei2.png */,
				52C95B8E1DC0445A0073D90A /* bei3.png */,
				52C95B8F1DC0445A0073D90A /* bei4.png */,
				52C95B901DC0445A0073D90A /* bei5.png */,
				52C95B911DC0445A0073D90A /* bei6.png */,
				52C95B921DC0445A0073D90A /* bei7.png */,
				52C95B931DC0445A0073D90A /* bei8.png */,
				52C95B941DC0445A0073D90A /* bei9.png */,
				52C95B951DC0445A0073D90A /* beibei1.png */,
				52C95B961DC0445A0073D90A /* beibei2.png */,
				52C95B971DC0445A0073D90A /* beibei3.png */,
				52C95B981DC0445A0073D90A /* beibei4.png */,
				52C95B991DC0445A0073D90A /* beibei5.png */,
				52C95B9A1DC0445A0073D90A /* beibei6.png */,
				52C95B9B1DC0445A0073D90A /* beibei7.png */,
				52C95B9C1DC0445A0073D90A /* beibei8.png */,
				52C95B9D1DC0445A0073D90A /* beibei9.png */,
				52C95B9E1DC0445A0073D90A /* loadfailed.png */,
			);
			path = Resource;
			sourceTree = "<group>";
		};
		52C95BB51DC044760073D90A /* Resource */ = {
			isa = PBXGroup;
			children = (
				52C95BB61DC044760073D90A /* arrow_down_icon@2x.png */,
				52C95BB71DC044760073D90A /* arrow_down_icon@3x.png */,
				52C95BB81DC044760073D90A /* arrow_down_icon_write@3x.png */,
				52C95BB91DC044760073D90A /* arrow_down_icon_wtire@2x.png */,
				52C95BBA1DC044760073D90A /* arrow_up_icon@2x.png */,
				52C95BBB1DC044760073D90A /* arrow_up_icon@3x.png */,
				52C95BBC1DC044760073D90A /* arrow_up_icon_write@3x.png */,
				52C95BBD1DC044760073D90A /* arrow_up_icon_wtire@2x.png */,
			);
			path = Resource;
			sourceTree = "<group>";
		};
		52D03AA71DE3F12E00EEF571 /* WBSwift */ = {
			isa = PBXGroup;
			children = (
				52D03AAA1DE3F17800EEF571 /* Custom-Bridging-Header.h */,
				52C2D9AB1DE54376003A80B3 /* WBNetwork.swift */,
				52D03AA81DE3F14900EEF571 /* WBSwiftViewController.swift */,
				52D03AAB1DE41F2100EEF571 /* WBSwiftView.swift */,
				52E842EE1DE800500018FC3E /* WBSwiftTableViewController.swift */,
				52AA5D821DF00E9A00452A35 /* WBTableViewCell.swift */,
			);
			path = WBSwift;
			sourceTree = "<group>";
		};
		52D7DC771DC88ACC00BE710E /* WBExtension */ = {
			isa = PBXGroup;
			children = (
			);
			path = WBExtension;
			sourceTree = "<group>";
		};
		C8FDE3D1DA4FB28E9283C8A9 /* Frameworks */ = {
			isa = PBXGroup;
			children = (
			);
			name = Frameworks;
			sourceTree = "<group>";
		};
/* End PBXGroup section */

/* Begin PBXNativeTarget section */
		52A4DB401DAF6FF70034254C /* Custom */ = {
			isa = PBXNativeTarget;
			buildConfigurationList = 52A4DB581DAF6FF70034254C /* Build configuration list for PBXNativeTarget "Custom" */;
			buildPhases = (
				52A4DB3D1DAF6FF70034254C /* Sources */,
				52A4DB3E1DAF6FF70034254C /* Frameworks */,
				52A4DB3F1DAF6FF70034254C /* Resources */,
			);
			buildRules = (
			);
			dependencies = (
			);
			name = Custom;
			productName = Custom;
			productReference = 52A4DB411DAF6FF70034254C /* Custom.app */;
			productType = "com.apple.product-type.application";
		};
/* End PBXNativeTarget section */

/* Begin PBXProject section */
		52A4DB391DAF6FF70034254C /* Project object */ = {
			isa = PBXProject;
			attributes = {
				LastUpgradeCheck = 0810;
				ORGANIZATIONNAME = liweibin;
				TargetAttributes = {
					52A4DB401DAF6FF70034254C = {
						CreatedOnToolsVersion = 8.0;
						DevelopmentTeam = TQ3GK7N8WA;
						LastSwiftMigration = 0800;
						ProvisioningStyle = Manual;
					};
				};
			};
			buildConfigurationList = 52A4DB3C1DAF6FF70034254C /* Build configuration list for PBXProject "Custom" */;
			compatibilityVersion = "Xcode 3.2";
			developmentRegion = English;
			hasScannedForEncodings = 0;
			knownRegions = (
				en,
				Base,
			);
			mainGroup = 52A4DB381DAF6FF70034254C;
			productRefGroup = 52A4DB421DAF6FF70034254C /* Products */;
			projectDirPath = "";
			projectRoot = "";
			targets = (
				52A4DB401DAF6FF70034254C /* Custom */,
			);
		};
/* End PBXProject section */

/* Begin PBXResourcesBuildPhase section */
		52A4DB3F1DAF6FF70034254C /* Resources */ = {
			isa = PBXResourcesBuildPhase;
			buildActionMask = 2147483647;
			files = (
				52C95BBF1DC044760073D90A /* arrow_down_icon@3x.png in Resources */,
				52C95BA71DC0445A0073D90A /* bei6.png in Resources */,
				52C95BAE1DC0445A0073D90A /* beibei4.png in Resources */,
				52C95BAF1DC0445A0073D90A /* beibei5.png in Resources */,
				52C95BB41DC0445A0073D90A /* loadfailed.png in Resources */,
				52CD4E491DC3497900CB01BA /* photo_down_btn@2x.png in Resources */,
				52A4DB541DAF6FF70034254C /* LaunchScreen.storyboard in Resources */,
				52C95BAA1DC0445A0073D90A /* bei9.png in Resources */,
				52C95BC31DC044760073D90A /* arrow_up_icon@3x.png in Resources */,
				52C95BB01DC0445A0073D90A /* beibei6.png in Resources */,
				52CD4E4B1DC3498C00CB01BA /* photo_share_btn@2x.png in Resources */,
				52C95BC11DC044760073D90A /* arrow_down_icon_wtire@2x.png in Resources */,
				52B0BB0D1DC337940068B412 /* Info.plist in Resources */,
				52C95BB21DC0445A0073D90A /* beibei8.png in Resources */,
				527F32F71DC343E80023F4B7 /* ProgressHUD.bundle in Resources */,
				52C95BAD1DC0445A0073D90A /* beibei3.png in Resources */,
				52C95BA01DC0445A0073D90A /* bei10.png in Resources */,
				52C95BA11DC0445A0073D90A /* bei11.png in Resources */,
				52C95BA81DC0445A0073D90A /* bei7.png in Resources */,
				52C95BA21DC0445A0073D90A /* bei12.png in Resources */,
				527F32F11DC342900023F4B7 /* WBImageBrowserCell.xib in Resources */,
				52C95BB11DC0445A0073D90A /* beibei7.png in Resources */,
				52C95BA91DC0445A0073D90A /* bei8.png in Resources */,
				52C95BA51DC0445A0073D90A /* bei4.png in Resources */,
				52C95BA61DC0445A0073D90A /* bei5.png in Resources */,
				52C95BB31DC0445A0073D90A /* beibei9.png in Resources */,
				52C95BAC1DC0445A0073D90A /* beibei2.png in Resources */,
				52C95BBE1DC044760073D90A /* arrow_down_icon@2x.png in Resources */,
				52C95B9F1DC0445A0073D90A /* bei1.png in Resources */,
				52C95BC51DC044760073D90A /* arrow_up_icon_wtire@2x.png in Resources */,
				52C95BC01DC044760073D90A /* arrow_down_icon_write@3x.png in Resources */,
				52C95BC41DC044760073D90A /* arrow_up_icon_write@3x.png in Resources */,
				52C95BC21DC044760073D90A /* arrow_up_icon@2x.png in Resources */,
				52C95BA41DC0445A0073D90A /* bei3.png in Resources */,
				52C95BA31DC0445A0073D90A /* bei2.png in Resources */,
				52A4DB511DAF6FF70034254C /* Assets.xcassets in Resources */,
				52C95B531DC03EB50073D90A /* test.png in Resources */,
				52CD4E471DC3496000CB01BA /* icon_back@2x.png in Resources */,
				521C14361DC6DB6C00CD78B3 /* MJRefresh.bundle in Resources */,
				52C95BAB1DC0445A0073D90A /* beibei1.png in Resources */,
			);
			runOnlyForDeploymentPostprocessing = 0;
		};
/* End PBXResourcesBuildPhase section */

/* Begin PBXSourcesBuildPhase section */
		52A4DB3D1DAF6FF70034254C /* Sources */ = {
			isa = PBXSourcesBuildPhase;
			buildActionMask = 2147483647;
			files = (
				52A4DB6A1DAF7E5E0034254C /* WBAlertView.m in Sources */,
				527F32F01DC342900023F4B7 /* WBImageBrowserCell.m in Sources */,
				52C95B491DC03C6A0073D90A /* SDWebImageManager.m in Sources */,
				527F32F21DC342900023F4B7 /* WBImageBrowserView.m in Sources */,
				52C95B861DC043240073D90A /* WBDropDownMenu.m in Sources */,
				52C95B441DC03C6A0073D90A /* SDImageCache.m in Sources */,
				521C14331DC6DB6C00CD78B3 /* MJRefreshGifHeader.m in Sources */,
				52C95B481DC03C6A0073D90A /* SDWebImageDownloaderOperation.m in Sources */,
				52A4DB491DAF6FF70034254C /* AppDelegate.m in Sources */,
				52C95B4B1DC03C6A0073D90A /* UIButton+WebCache.m in Sources */,
				521C142C1DC6DB6C00CD78B3 /* MJRefreshHeader.m in Sources */,
				52B0BB151DC337940068B412 /* NSObject+MJKeyValue.m in Sources */,
				5287A1CC1DE6813900797608 /* AFHTTPSessionManager.m in Sources */,
				527F32E71DC33B570023F4B7 /* ListTableViewCell.m in Sources */,
				52C95B431DC03C6A0073D90A /* NSData+ImageContentType.m in Sources */,
				52D03AAC1DE41F2100EEF571 /* WBSwiftView.swift in Sources */,
				5287A1CE1DE6813900797608 /* AFSecurityPolicy.m in Sources */,
				521C142D1DC6DB6C00CD78B3 /* MJRefreshAutoGifFooter.m in Sources */,
				521C14391DC6DB6C00CD78B3 /* UIScrollView+MJExtension.m in Sources */,
				521C14291DC6DB6C00CD78B3 /* MJRefreshBackFooter.m in Sources */,
				52C95B4A1DC03C6A0073D90A /* SDWebImagePrefetcher.m in Sources */,
				52C95B471DC03C6A0073D90A /* SDWebImageDownloader.m in Sources */,
				5287A1D01DE6813900797608 /* AFURLResponseSerialization.m in Sources */,
				521C14281DC6DB6C00CD78B3 /* MJRefreshAutoFooter.m in Sources */,
				521C14301DC6DB6C00CD78B3 /* MJRefreshBackGifFooter.m in Sources */,
				52A4DB5D1DAF707A0034254C /* MenuViewController.m in Sources */,
				52C95B4E1DC03C6A0073D90A /* UIImageView+WebCache.m in Sources */,
				5236E2601DD0475900D8B1B1 /* WBBlockViewController.m in Sources */,
				52B0BB121DC337940068B412 /* MJPropertyType.m in Sources */,
				527F32FB1DC344D00023F4B7 /* WBImageBrowserViewController.m in Sources */,
				521C142B1DC6DB6C00CD78B3 /* MJRefreshFooter.m in Sources */,
				52C95B461DC03C6A0073D90A /* SDWebImageDecoder.m in Sources */,
				52B0BB161DC337940068B412 /* NSObject+MJProperty.m in Sources */,
				52C95B241DC03C0F0073D90A /* WBFullScreenImage.m in Sources */,
				521C14351DC6DB6C00CD78B3 /* MJRefreshStateHeader.m in Sources */,
				52B0BB141DC337940068B412 /* NSObject+MJCoding.m in Sources */,
				527F32F81DC343E80023F4B7 /* ProgressHUD.m in Sources */,
				52C95BC81DC044880073D90A /* WBDropDownMenuViewController.m in Sources */,
				521C14381DC6DB6C00CD78B3 /* NSBundle+MJRefresh.m in Sources */,
				52C95B421DC03C6A0073D90A /* NSData+GIF.m in Sources */,
				527F32E41DC33B420023F4B7 /* ListViewController.m in Sources */,
				521C14371DC6DB6C00CD78B3 /* MJRefreshConst.m in Sources */,
				52C95B511DC03D7F0073D90A /* WBFullScreenImageViewController.m in Sources */,
				52B0BB0E1DC337940068B412 /* MJExtensionConst.m in Sources */,
				521C143A1DC6DB6C00CD78B3 /* UIScrollView+MJRefresh.m in Sources */,
				52E842EF1DE800500018FC3E /* WBSwiftTableViewController.swift in Sources */,
				5287A1D11DE6813900797608 /* AFURLSessionManager.m in Sources */,
				521C142E1DC6DB6C00CD78B3 /* MJRefreshAutoNormalFooter.m in Sources */,
				52B0BB101DC337940068B412 /* MJProperty.m in Sources */,
				521C142A1DC6DB6C00CD78B3 /* MJRefreshComponent.m in Sources */,
				521C143B1DC6DB6C00CD78B3 /* UIView+MJExtension.m in Sources */,
				521C14341DC6DB6C00CD78B3 /* MJRefreshNormalHeader.m in Sources */,
				5236E2631DD0508A00D8B1B1 /* WBBlockView.m in Sources */,
				521C14311DC6DB6C00CD78B3 /* MJRefreshBackNormalFooter.m in Sources */,
				52C95B451DC03C6A0073D90A /* SDWebImageCompat.m in Sources */,
				52A4DB671DAF7C7D0034254C /* WBAlertViewController.m in Sources */,
				527F32EA1DC33B630023F4B7 /* ListModel.m in Sources */,
				521C142F1DC6DB6C00CD78B3 /* MJRefreshAutoStateFooter.m in Sources */,
				52B0BB111DC337940068B412 /* MJPropertyKey.m in Sources */,
				52B0BB131DC337940068B412 /* NSObject+MJClass.m in Sources */,
				521C14321DC6DB6C00CD78B3 /* MJRefreshBackStateFooter.m in Sources */,
				52A4DB461DAF6FF70034254C /* main.m in Sources */,
				52B0BB171DC337940068B412 /* NSString+MJExtension.m in Sources */,
				52D03AA91DE3F14900EEF571 /* WBSwiftViewController.swift in Sources */,
				52B0BB2D1DC339DB0068B412 /* RequestManager.m in Sources */,
				52C95B4D1DC03C6A0073D90A /* UIImage+MultiFormat.m in Sources */,
				5287A1CF1DE6813900797608 /* AFURLRequestSerialization.m in Sources */,
				52C2D9AC1DE54376003A80B3 /* WBNetwork.swift in Sources */,
				52AA5D831DF00E9A00452A35 /* WBTableViewCell.swift in Sources */,
				52C95B4C1DC03C6A0073D90A /* UIImage+GIF.m in Sources */,
				5287A1CD1DE6813900797608 /* AFNetworkReachabilityManager.m in Sources */,
				52B0BB0F1DC337940068B412 /* MJFoundation.m in Sources */,
			);
			runOnlyForDeploymentPostprocessing = 0;
		};
/* End PBXSourcesBuildPhase section */

/* Begin PBXVariantGroup section */
		52A4DB521DAF6FF70034254C /* LaunchScreen.storyboard */ = {
			isa = PBXVariantGroup;
			children = (
				52A4DB531DAF6FF70034254C /* Base */,
			);
			name = LaunchScreen.storyboard;
			sourceTree = "<group>";
		};
/* End PBXVariantGroup section */

/* Begin XCBuildConfiguration section */
		52A4DB561DAF6FF70034254C /* Debug */ = {
			isa = XCBuildConfiguration;
			buildSettings = {
				ALWAYS_SEARCH_USER_PATHS = NO;
				CLANG_ANALYZER_NONNULL = YES;
				CLANG_CXX_LANGUAGE_STANDARD = "gnu++0x";
				CLANG_CXX_LIBRARY = "libc++";
				CLANG_ENABLE_MODULES = YES;
				CLANG_ENABLE_OBJC_ARC = YES;
				CLANG_WARN_BOOL_CONVERSION = YES;
				CLANG_WARN_CONSTANT_CONVERSION = YES;
				CLANG_WARN_DIRECT_OBJC_ISA_USAGE = YES_ERROR;
				CLANG_WARN_DOCUMENTATION_COMMENTS = YES;
				CLANG_WARN_EMPTY_BODY = YES;
				CLANG_WARN_ENUM_CONVERSION = YES;
				CLANG_WARN_INFINITE_RECURSION = YES;
				CLANG_WARN_INT_CONVERSION = YES;
				CLANG_WARN_OBJC_ROOT_CLASS = YES_ERROR;
				CLANG_WARN_SUSPICIOUS_MOVE = YES;
				CLANG_WARN_SUSPICIOUS_MOVES = YES;
				CLANG_WARN_UNREACHABLE_CODE = YES;
				CLANG_WARN__DUPLICATE_METHOD_MATCH = YES;
				"CODE_SIGN_IDENTITY[sdk=iphoneos*]" = "iPhone Developer";
				COPY_PHASE_STRIP = NO;
				DEBUG_INFORMATION_FORMAT = dwarf;
				ENABLE_STRICT_OBJC_MSGSEND = YES;
				ENABLE_TESTABILITY = YES;
				GCC_C_LANGUAGE_STANDARD = gnu99;
				GCC_DYNAMIC_NO_PIC = NO;
				GCC_NO_COMMON_BLOCKS = YES;
				GCC_OPTIMIZATION_LEVEL = 0;
				GCC_PREPROCESSOR_DEFINITIONS = (
					"DEBUG=1",
					"$(inherited)",
				);
				GCC_WARN_64_TO_32_BIT_CONVERSION = YES;
				GCC_WARN_ABOUT_RETURN_TYPE = YES_ERROR;
				GCC_WARN_UNDECLARED_SELECTOR = YES;
				GCC_WARN_UNINITIALIZED_AUTOS = YES_AGGRESSIVE;
				GCC_WARN_UNUSED_FUNCTION = YES;
				GCC_WARN_UNUSED_VARIABLE = YES;
				IPHONEOS_DEPLOYMENT_TARGET = 10.0;
				MTL_ENABLE_DEBUG_INFO = YES;
				ONLY_ACTIVE_ARCH = YES;
				SDKROOT = iphoneos;
			};
			name = Debug;
		};
		52A4DB571DAF6FF70034254C /* Release */ = {
			isa = XCBuildConfiguration;
			buildSettings = {
				ALWAYS_SEARCH_USER_PATHS = NO;
				CLANG_ANALYZER_NONNULL = YES;
				CLANG_CXX_LANGUAGE_STANDARD = "gnu++0x";
				CLANG_CXX_LIBRARY = "libc++";
				CLANG_ENABLE_MODULES = YES;
				CLANG_ENABLE_OBJC_ARC = YES;
				CLANG_WARN_BOOL_CONVERSION = YES;
				CLANG_WARN_CONSTANT_CONVERSION = YES;
				CLANG_WARN_DIRECT_OBJC_ISA_USAGE = YES_ERROR;
				CLANG_WARN_DOCUMENTATION_COMMENTS = YES;
				CLANG_WARN_EMPTY_BODY = YES;
				CLANG_WARN_ENUM_CONVERSION = YES;
				CLANG_WARN_INFINITE_RECURSION = YES;
				CLANG_WARN_INT_CONVERSION = YES;
				CLANG_WARN_OBJC_ROOT_CLASS = YES_ERROR;
				CLANG_WARN_SUSPICIOUS_MOVE = YES;
				CLANG_WARN_SUSPICIOUS_MOVES = YES;
				CLANG_WARN_UNREACHABLE_CODE = YES;
				CLANG_WARN__DUPLICATE_METHOD_MATCH = YES;
				"CODE_SIGN_IDENTITY[sdk=iphoneos*]" = "iPhone Developer";
				COPY_PHASE_STRIP = NO;
				DEBUG_INFORMATION_FORMAT = "dwarf-with-dsym";
				ENABLE_NS_ASSERTIONS = NO;
				ENABLE_STRICT_OBJC_MSGSEND = YES;
				GCC_C_LANGUAGE_STANDARD = gnu99;
				GCC_NO_COMMON_BLOCKS = YES;
				GCC_WARN_64_TO_32_BIT_CONVERSION = YES;
				GCC_WARN_ABOUT_RETURN_TYPE = YES_ERROR;
				GCC_WARN_UNDECLARED_SELECTOR = YES;
				GCC_WARN_UNINITIALIZED_AUTOS = YES_AGGRESSIVE;
				GCC_WARN_UNUSED_FUNCTION = YES;
				GCC_WARN_UNUSED_VARIABLE = YES;
				IPHONEOS_DEPLOYMENT_TARGET = 10.0;
				MTL_ENABLE_DEBUG_INFO = NO;
				SDKROOT = iphoneos;
				SWIFT_OPTIMIZATION_LEVEL = "-Owholemodule";
				VALIDATE_PRODUCT = YES;
			};
			name = Release;
		};
		52A4DB591DAF6FF70034254C /* Debug */ = {
			isa = XCBuildConfiguration;
			buildSettings = {
				ASSETCATALOG_COMPILER_APPICON_NAME = AppIcon;
				CLANG_ENABLE_MODULES = YES;
				DEFINES_MODULE = YES;
				DEVELOPMENT_TEAM = TQ3GK7N8WA;
				GCC_PREFIX_HEADER = /Users/dylan/Desktop/Custom/Custom/PrefixHeader.pch;
				INFOPLIST_FILE = Custom/Info.plist;
				IPHONEOS_DEPLOYMENT_TARGET = 8.0;
				LD_RUNPATH_SEARCH_PATHS = "$(inherited) @executable_path/Frameworks";
				LIBRARY_SEARCH_PATHS = "$(inherited)";
				PRODUCT_BUNDLE_IDENTIFIER = com.wanxiangsiwei.WanXiangOA;
				PRODUCT_NAME = "$(TARGET_NAME)";
				PROVISIONING_PROFILE = "1fefb8c7-c1b0-4531-a189-2685f59435e9";
				PROVISIONING_PROFILE_SPECIFIER = wanxiangOA_test;
				SWIFT_OBJC_BRIDGING_HEADER = "$(PROJECT_DIR)/Custom/WBSwift/Custom-Bridging-Header.h";
				SWIFT_OPTIMIZATION_LEVEL = "-Onone";
				SWIFT_VERSION = 3.0;
			};
			name = Debug;
		};
		52A4DB5A1DAF6FF70034254C /* Release */ = {
			isa = XCBuildConfiguration;
			buildSettings = {
				ASSETCATALOG_COMPILER_APPICON_NAME = AppIcon;
				CLANG_ENABLE_MODULES = YES;
				DEFINES_MODULE = YES;
				DEVELOPMENT_TEAM = TQ3GK7N8WA;
				GCC_PREFIX_HEADER = /Users/dylan/Desktop/Custom/Custom/PrefixHeader.pch;
				INFOPLIST_FILE = Custom/Info.plist;
				IPHONEOS_DEPLOYMENT_TARGET = 8.0;
				LD_RUNPATH_SEARCH_PATHS = "$(inherited) @executable_path/Frameworks";
				LIBRARY_SEARCH_PATHS = "$(inherited)";
				PRODUCT_BUNDLE_IDENTIFIER = com.wanxiangsiwei.WanXiangOA;
				PRODUCT_NAME = "$(TARGET_NAME)";
				PROVISIONING_PROFILE = "1fefb8c7-c1b0-4531-a189-2685f59435e9";
				PROVISIONING_PROFILE_SPECIFIER = wanxiangOA_test;
				SWIFT_OBJC_BRIDGING_HEADER = "$(PROJECT_DIR)/Custom/WBSwift/Custom-Bridging-Header.h";
				SWIFT_VERSION = 3.0;
			};
			name = Release;
		};
/* End XCBuildConfiguration section */

/* Begin XCConfigurationList section */
		52A4DB3C1DAF6FF70034254C /* Build configuration list for PBXProject "Custom" */ = {
			isa = XCConfigurationList;
			buildConfigurations = (
				52A4DB561DAF6FF70034254C /* Debug */,
				52A4DB571DAF6FF70034254C /* Release */,
			);
			defaultConfigurationIsVisible = 0;
			defaultConfigurationName = Release;
		};
		52A4DB581DAF6FF70034254C /* Build configuration list for PBXNativeTarget "Custom" */ = {
			isa = XCConfigurationList;
			buildConfigurations = (
				52A4DB591DAF6FF70034254C /* Debug */,
				52A4DB5A1DAF6FF70034254C /* Release */,
			);
			defaultConfigurationIsVisible = 0;
			defaultConfigurationName = Release;
		};
/* End XCConfigurationList section */
	};
	rootObject = 52A4DB391DAF6FF70034254C /* Project object */;
}
